// !$*UTF8*$!
{
	archiveVersion = 1;
	classes = {
	};
	objectVersion = 46;
	objects = {

/* Begin PBXBuildFile section */
		8D37583C1910E2AA006A3C69 /* Foundation.framework in Frameworks */ = {isa = PBXBuildFile; fileRef = 8D37583B1910E2AA006A3C69 /* Foundation.framework */; };
		8D37583E1910E2AA006A3C69 /* CoreGraphics.framework in Frameworks */ = {isa = PBXBuildFile; fileRef = 8D37583D1910E2AA006A3C69 /* CoreGraphics.framework */; };
		8D3758401910E2AA006A3C69 /* UIKit.framework in Frameworks */ = {isa = PBXBuildFile; fileRef = 8D37583F1910E2AA006A3C69 /* UIKit.framework */; };
		8D3758461910E2AA006A3C69 /* InfoPlist.strings in Resources */ = {isa = PBXBuildFile; fileRef = 8D3758441910E2AA006A3C69 /* InfoPlist.strings */; };
		8D3758481910E2AA006A3C69 /* main.m in Sources */ = {isa = PBXBuildFile; fileRef = 8D3758471910E2AA006A3C69 /* main.m */; };
		8D37584C1910E2AA006A3C69 /* AppDelegate.m in Sources */ = {isa = PBXBuildFile; fileRef = 8D37584B1910E2AA006A3C69 /* AppDelegate.m */; };
		8D37584F1910E2AA006A3C69 /* Main.storyboard in Resources */ = {isa = PBXBuildFile; fileRef = 8D37584D1910E2AA006A3C69 /* Main.storyboard */; };
		8D3758521910E2AA006A3C69 /* ViewController.m in Sources */ = {isa = PBXBuildFile; fileRef = 8D3758511910E2AA006A3C69 /* ViewController.m */; };
		8D3758541910E2AA006A3C69 /* Images.xcassets in Resources */ = {isa = PBXBuildFile; fileRef = 8D3758531910E2AA006A3C69 /* Images.xcassets */; };
		8D37585B1910E2AA006A3C69 /* XCTest.framework in Frameworks */ = {isa = PBXBuildFile; fileRef = 8D37585A1910E2AA006A3C69 /* XCTest.framework */; };
		8D37585C1910E2AA006A3C69 /* Foundation.framework in Frameworks */ = {isa = PBXBuildFile; fileRef = 8D37583B1910E2AA006A3C69 /* Foundation.framework */; };
		8D37585D1910E2AA006A3C69 /* UIKit.framework in Frameworks */ = {isa = PBXBuildFile; fileRef = 8D37583F1910E2AA006A3C69 /* UIKit.framework */; };
		8D3758651910E2AA006A3C69 /* InfoPlist.strings in Resources */ = {isa = PBXBuildFile; fileRef = 8D3758631910E2AA006A3C69 /* InfoPlist.strings */; };
		8D3758671910E2AA006A3C69 /* ex_CMMotionManager_acceleroMeter_pullTests.m in Sources */ = {isa = PBXBuildFile; fileRef = 8D3758661910E2AA006A3C69 /* ex_CMMotionManager_acceleroMeter_pullTests.m */; };
		8D3758711910E33B006A3C69 /* CoreMotion.framework in Frameworks */ = {isa = PBXBuildFile; fileRef = 8D3758701910E33B006A3C69 /* CoreMotion.framework */; };
/* End PBXBuildFile section */

/* Begin PBXContainerItemProxy section */
		8D37585E1910E2AA006A3C69 /* PBXContainerItemProxy */ = {
			isa = PBXContainerItemProxy;
			containerPortal = 8D3758301910E2AA006A3C69 /* Project object */;
			proxyType = 1;
			remoteGlobalIDString = 8D3758371910E2AA006A3C69;
			remoteInfo = ex_CMMotionManager_acceleroMeter_pull;
		};
/* End PBXContainerItemProxy section */

/* Begin PBXFileReference section */
		8D3758381910E2AA006A3C69 /* ex_CMMotionManager_acceleroMeter_pull.app */ = {isa = PBXFileReference; explicitFileType = wrapper.application; includeInIndex = 0; path = ex_CMMotionManager_acceleroMeter_pull.app; sourceTree = BUILT_PRODUCTS_DIR; };
		8D37583B1910E2AA006A3C69 /* Foundation.framework */ = {isa = PBXFileReference; lastKnownFileType = wrapper.framework; name = Foundation.framework; path = System/Library/Frameworks/Foundation.framework; sourceTree = SDKROOT; };
		8D37583D1910E2AA006A3C69 /* CoreGraphics.framework */ = {isa = PBXFileReference; lastKnownFileType = wrapper.framework; name = CoreGraphics.framework; path = System/Library/Frameworks/CoreGraphics.framework; sourceTree = SDKROOT; };
		8D37583F1910E2AA006A3C69 /* UIKit.framework */ = {isa = PBXFileReference; lastKnownFileType = wrapper.framework; name = UIKit.framework; path = System/Library/Frameworks/UIKit.framework; sourceTree = SDKROOT; };
		8D3758431910E2AA006A3C69 /* ex_CMMotionManager_acceleroMeter_pull-Info.plist */ = {isa = PBXFileReference; lastKnownFileType = text.plist.xml; path = "ex_CMMotionManager_acceleroMeter_pull-Info.plist"; sourceTree = "<group>"; };
		8D3758451910E2AA006A3C69 /* en */ = {isa = PBXFileReference; lastKnownFileType = text.plist.strings; name = en; path = en.lproj/InfoPlist.strings; sourceTree = "<group>"; };
		8D3758471910E2AA006A3C69 /* main.m */ = {isa = PBXFileReference; lastKnownFileType = sourcecode.c.objc; path = main.m; sourceTree = "<group>"; };
		8D3758491910E2AA006A3C69 /* ex_CMMotionManager_acceleroMeter_pull-Prefix.pch */ = {isa = PBXFileReference; lastKnownFileType = sourcecode.c.h; path = "ex_CMMotionManager_acceleroMeter_pull-Prefix.pch"; sourceTree = "<group>"; };
		8D37584A1910E2AA006A3C69 /* AppDelegate.h */ = {isa = PBXFileReference; lastKnownFileType = sourcecode.c.h; path = AppDelegate.h; sourceTree = "<group>"; };
		8D37584B1910E2AA006A3C69 /* AppDelegate.m */ = {isa = PBXFileReference; lastKnownFileType = sourcecode.c.objc; path = AppDelegate.m; sourceTree = "<group>"; };
		8D37584E1910E2AA006A3C69 /* Base */ = {isa = PBXFileReference; lastKnownFileType = file.storyboard; name = Base; path = Base.lproj/Main.storyboard; sourceTree = "<group>"; };
		8D3758501910E2AA006A3C69 /* ViewController.h */ = {isa = PBXFileReference; lastKnownFileType = sourcecode.c.h; path = ViewController.h; sourceTree = "<group>"; };
		8D3758511910E2AA006A3C69 /* ViewController.m */ = {isa = PBXFileReference; lastKnownFileType = sourcecode.c.objc; path = ViewController.m; sourceTree = "<group>"; };
		8D3758531910E2AA006A3C69 /* Images.xcassets */ = {isa = PBXFileReference; lastKnownFileType = folder.assetcatalog; path = Images.xcassets; sourceTree = "<group>"; };
		8D3758591910E2AA006A3C69 /* ex_CMMotionManager_acceleroMeter_pullTests.xctest */ = {isa = PBXFileReference; explicitFileType = wrapper.cfbundle; includeInIndex = 0; path = ex_CMMotionManager_acceleroMeter_pullTests.xctest; sourceTree = BUILT_PRODUCTS_DIR; };
		8D37585A1910E2AA006A3C69 /* XCTest.framework */ = {isa = PBXFileReference; lastKnownFileType = wrapper.framework; name = XCTest.framework; path = Library/Frameworks/XCTest.framework; sourceTree = DEVELOPER_DIR; };
		8D3758621910E2AA006A3C69 /* ex_CMMotionManager_acceleroMeter_pullTests-Info.plist */ = {isa = PBXFileReference; lastKnownFileType = text.plist.xml; path = "ex_CMMotionManager_acceleroMeter_pullTests-Info.plist"; sourceTree = "<group>"; };
		8D3758641910E2AA006A3C69 /* en */ = {isa = PBXFileReference; lastKnownFileType = text.plist.strings; name = en; path = en.lproj/InfoPlist.strings; sourceTree = "<group>"; };
		8D3758661910E2AA006A3C69 /* ex_CMMotionManager_acceleroMeter_pullTests.m */ = {isa = PBXFileReference; lastKnownFileType = sourcecode.c.objc; path = ex_CMMotionManager_acceleroMeter_pullTests.m; sourceTree = "<group>"; };
		8D3758701910E33B006A3C69 /* CoreMotion.framework */ = {isa = PBXFileReference; lastKnownFileType = wrapper.framework; name = CoreMotion.framework; path = System/Library/Frameworks/CoreMotion.framework; sourceTree = SDKROOT; };
/* End PBXFileReference section */

/* Begin PBXFrameworksBuildPhase section */
		8D3758351910E2AA006A3C69 /* Frameworks */ = {
			isa = PBXFrameworksBuildPhase;
			buildActionMask = 2147483647;
			files = (
				8D3758711910E33B006A3C69 /* CoreMotion.framework in Frameworks */,
				8D37583E1910E2AA006A3C69 /* CoreGraphics.framework in Frameworks */,
				8D3758401910E2AA006A3C69 /* UIKit.framework in Frameworks */,
				8D37583C1910E2AA006A3C69 /* Foundation.framework in Frameworks */,
			);
			runOnlyForDeploymentPostprocessing = 0;
		};
		8D3758561910E2AA006A3C69 /* Frameworks */ = {
			isa = PBXFrameworksBuildPhase;
			buildActionMask = 2147483647;
			files = (
				8D37585B1910E2AA006A3C69 /* XCTest.framework in Frameworks */,
				8D37585D1910E2AA006A3C69 /* UIKit.framework in Frameworks */,
				8D37585C1910E2AA006A3C69 /* Foundation.framework in Frameworks */,
			);
			runOnlyForDeploymentPostprocessing = 0;
		};
/* End PBXFrameworksBuildPhase section */

/* Begin PBXGroup section */
		8D37582F1910E2AA006A3C69 = {
			isa = PBXGroup;
			children = (
				8D3758411910E2AA006A3C69 /* ex_CMMotionManager_acceleroMeter_pull */,
				8D3758601910E2AA006A3C69 /* ex_CMMotionManager_acceleroMeter_pullTests */,
				8D37583A1910E2AA006A3C69 /* Frameworks */,
				8D3758391910E2AA006A3C69 /* Products */,
			);
			sourceTree = "<group>";
		};
		8D3758391910E2AA006A3C69 /* Products */ = {
			isa = PBXGroup;
			children = (
				8D3758381910E2AA006A3C69 /* ex_CMMotionManager_acceleroMeter_pull.app */,
				8D3758591910E2AA006A3C69 /* ex_CMMotionManager_acceleroMeter_pullTests.xctest */,
			);
			name = Products;
			sourceTree = "<group>";
		};
		8D37583A1910E2AA006A3C69 /* Frameworks */ = {
			isa = PBXGroup;
			children = (
				8D3758701910E33B006A3C69 /* CoreMotion.framework */,
				8D37583B1910E2AA006A3C69 /* Foundation.framework */,
				8D37583D1910E2AA006A3C69 /* CoreGraphics.framework */,
				8D37583F1910E2AA006A3C69 /* UIKit.framework */,
				8D37585A1910E2AA006A3C69 /* XCTest.framework */,
			);
			name = Frameworks;
			sourceTree = "<group>";
		};
		8D3758411910E2AA006A3C69 /* ex_CMMotionManager_acceleroMeter_pull */ = {
			isa = PBXGroup;
			children = (
				8D37584A1910E2AA006A3C69 /* AppDelegate.h */,
				8D37584B1910E2AA006A3C69 /* AppDelegate.m */,
				8D37584D1910E2AA006A3C69 /* Main.storyboard */,
				8D3758501910E2AA006A3C69 /* ViewController.h */,
				8D3758511910E2AA006A3C69 /* ViewController.m */,
				8D3758531910E2AA006A3C69 /* Images.xcassets */,
				8D3758421910E2AA006A3C69 /* Supporting Files */,
			);
			path = ex_CMMotionManager_acceleroMeter_pull;
			sourceTree = "<group>";
		};
		8D3758421910E2AA006A3C69 /* Supporting Files */ = {
			isa = PBXGroup;
			children = (
				8D3758431910E2AA006A3C69 /* ex_CMMotionManager_acceleroMeter_pull-Info.plist */,
				8D3758441910E2AA006A3C69 /* InfoPlist.strings */,
				8D3758471910E2AA006A3C69 /* main.m */,
				8D3758491910E2AA006A3C69 /* ex_CMMotionManager_acceleroMeter_pull-Prefix.pch */,
			);
			name = "Supporting Files";
			sourceTree = "<group>";
		};
		8D3758601910E2AA006A3C69 /* ex_CMMotionManager_acceleroMeter_pullTests */ = {
			isa = PBXGroup;
			children = (
				8D3758661910E2AA006A3C69 /* ex_CMMotionManager_acceleroMeter_pullTests.m */,
				8D3758611910E2AA006A3C69 /* Supporting Files */,
			);
			path = ex_CMMotionManager_acceleroMeter_pullTests;
			sourceTree = "<group>";
		};
		8D3758611910E2AA006A3C69 /* Supporting Files */ = {
			isa = PBXGroup;
			children = (
				8D3758621910E2AA006A3C69 /* ex_CMMotionManager_acceleroMeter_pullTests-Info.plist */,
				8D3758631910E2AA006A3C69 /* InfoPlist.strings */,
			);
			name = "Supporting Files";
			sourceTree = "<group>";
		};
/* End PBXGroup section */

/* Begin PBXNativeTarget section */
		8D3758371910E2AA006A3C69 /* ex_CMMotionManager_acceleroMeter_pull */ = {
			isa = PBXNativeTarget;
			buildConfigurationList = 8D37586A1910E2AA006A3C69 /* Build configuration list for PBXNativeTarget "ex_CMMotionManager_acceleroMeter_pull" */;
			buildPhases = (
				8D3758341910E2AA006A3C69 /* Sources */,
				8D3758351910E2AA006A3C69 /* Frameworks */,
				8D3758361910E2AA006A3C69 /* Resources */,
			);
			buildRules = (
			);
			dependencies = (
			);
			name = ex_CMMotionManager_acceleroMeter_pull;
			productName = ex_CMMotionManager_acceleroMeter_pull;
			productReference = 8D3758381910E2AA006A3C69 /* ex_CMMotionManager_acceleroMeter_pull.app */;
			productType = "com.apple.product-type.application";
		};
		8D3758581910E2AA006A3C69 /* ex_CMMotionManager_acceleroMeter_pullTests */ = {
			isa = PBXNativeTarget;
			buildConfigurationList = 8D37586D1910E2AA006A3C69 /* Build configuration list for PBXNativeTarget "ex_CMMotionManager_acceleroMeter_pullTests" */;
			buildPhases = (
				8D3758551910E2AA006A3C69 /* Sources */,
				8D3758561910E2AA006A3C69 /* Frameworks */,
				8D3758571910E2AA006A3C69 /* Resources */,
			);
			buildRules = (
			);
			dependencies = (
				8D37585F1910E2AA006A3C69 /* PBXTargetDependency */,
			);
			name = ex_CMMotionManager_acceleroMeter_pullTests;
			productName = ex_CMMotionManager_acceleroMeter_pullTests;
			productReference = 8D3758591910E2AA006A3C69 /* ex_CMMotionManager_acceleroMeter_pullTests.xctest */;
			productType = "com.apple.product-type.bundle.unit-test";
		};
/* End PBXNativeTarget section */

/* Begin PBXProject section */
		8D3758301910E2AA006A3C69 /* Project object */ = {
			isa = PBXProject;
			attributes = {
				LastUpgradeCheck = 0510;
				ORGANIZATIONNAME = "___FULLUSERNAME___";
				TargetAttributes = {
					8D3758581910E2AA006A3C69 = {
						TestTargetID = 8D3758371910E2AA006A3C69;
					};
				};
			};
			buildConfigurationList = 8D3758331910E2AA006A3C69 /* Build configuration list for PBXProject "ex_CMMotionManager_acceleroMeter_pull" */;
			compatibilityVersion = "Xcode 3.2";
			developmentRegion = English;
			hasScannedForEncodings = 0;
			knownRegions = (
				en,
				Base,
			);
			mainGroup = 8D37582F1910E2AA006A3C69;
			productRefGroup = 8D3758391910E2AA006A3C69 /* Products */;
			projectDirPath = "";
			projectRoot = "";
			targets = (
				8D3758371910E2AA006A3C69 /* ex_CMMotionManager_acceleroMeter_pull */,
				8D3758581910E2AA006A3C69 /* ex_CMMotionManager_acceleroMeter_pullTests */,
			);
		};
/* End PBXProject section */

/* Begin PBXResourcesBuildPhase section */
		8D3758361910E2AA006A3C69 /* Resources */ = {
			isa = PBXResourcesBuildPhase;
			buildActionMask = 2147483647;
			files = (
				8D3758541910E2AA006A3C69 /* Images.xcassets in Resources */,
				8D3758461910E2AA006A3C69 /* InfoPlist.strings in Resources */,
				8D37584F1910E2AA006A3C69 /* Main.storyboard in Resources */,
			);
			runOnlyForDeploymentPostprocessing = 0;
		};
		8D3758571910E2AA006A3C69 /* Resources */ = {
			isa = PBXResourcesBuildPhase;
			buildActionMask = 2147483647;
			files = (
				8D3758651910E2AA006A3C69 /* InfoPlist.strings in Resources */,
			);
			runOnlyForDeploymentPostprocessing = 0;
		};
/* End PBXResourcesBuildPhase section */

/* Begin PBXSourcesBuildPhase section */
		8D3758341910E2AA006A3C69 /* Sources */ = {
			isa = PBXSourcesBuildPhase;
			buildActionMask = 2147483647;
			files = (
				8D3758521910E2AA006A3C69 /* ViewController.m in Sources */,
				8D37584C1910E2AA006A3C69 /* AppDelegate.m in Sources */,
				8D3758481910E2AA006A3C69 /* main.m in Sources */,
			);
			runOnlyForDeploymentPostprocessing = 0;
		};
		8D3758551910E2AA006A3C69 /* Sources */ = {
			isa = PBXSourcesBuildPhase;
			buildActionMask = 2147483647;
			files = (
				8D3758671910E2AA006A3C69 /* ex_CMMotionManager_acceleroMeter_pullTests.m in Sources */,
			);
			runOnlyForDeploymentPostprocessing = 0;
		};
/* End PBXSourcesBuildPhase section */

/* Begin PBXTargetDependency section */
		8D37585F1910E2AA006A3C69 /* PBXTargetDependency */ = {
			isa = PBXTargetDependency;
			target = 8D3758371910E2AA006A3C69 /* ex_CMMotionManager_acceleroMeter_pull */;
			targetProxy = 8D37585E1910E2AA006A3C69 /* PBXContainerItemProxy */;
		};
/* End PBXTargetDependency section */

/* Begin PBXVariantGroup section */
		8D3758441910E2AA006A3C69 /* InfoPlist.strings */ = {
			isa = PBXVariantGroup;
			children = (
				8D3758451910E2AA006A3C69 /* en */,
			);
			name = InfoPlist.strings;
			sourceTree = "<group>";
		};
		8D37584D1910E2AA006A3C69 /* Main.storyboard */ = {
			isa = PBXVariantGroup;
			children = (
				8D37584E1910E2AA006A3C69 /* Base */,
			);
			name = Main.storyboard;
			sourceTree = "<group>";
		};
		8D3758631910E2AA006A3C69 /* InfoPlist.strings */ = {
			isa = PBXVariantGroup;
			children = (
				8D3758641910E2AA006A3C69 /* en */,
			);
			name = InfoPlist.strings;
			sourceTree = "<group>";
		};
/* End PBXVariantGroup section */

/* Begin XCBuildConfiguration section */
		8D3758681910E2AA006A3C69 /* Debug */ = {
			isa = XCBuildConfiguration;
			buildSettings = {
				ALWAYS_SEARCH_USER_PATHS = NO;
				CLANG_CXX_LANGUAGE_STANDARD = "gnu++0x";
				CLANG_CXX_LIBRARY = "libc++";
				CLANG_ENABLE_MODULES = YES;
				CLANG_ENABLE_OBJC_ARC = YES;
				CLANG_WARN_BOOL_CONVERSION = YES;
				CLANG_WARN_CONSTANT_CONVERSION = YES;
				CLANG_WARN_DIRECT_OBJC_ISA_USAGE = YES_ERROR;
				CLANG_WARN_EMPTY_BODY = YES;
				CLANG_WARN_ENUM_CONVERSION = YES;
				CLANG_WARN_INT_CONVERSION = YES;
				CLANG_WARN_OBJC_ROOT_CLASS = YES_ERROR;
				CLANG_WARN__DUPLICATE_METHOD_MATCH = YES;
				"CODE_SIGN_IDENTITY[sdk=iphoneos*]" = "iPhone Developer";
				COPY_PHASE_STRIP = NO;
				GCC_C_LANGUAGE_STANDARD = gnu99;
				GCC_DYNAMIC_NO_PIC = NO;
				GCC_OPTIMIZATION_LEVEL = 0;
				GCC_PREPROCESSOR_DEFINITIONS = (
					"DEBUG=1",
					"$(inherited)",
				);
				GCC_SYMBOLS_PRIVATE_EXTERN = NO;
				GCC_WARN_64_TO_32_BIT_CONVERSION = YES;
				GCC_WARN_ABOUT_RETURN_TYPE = YES_ERROR;
				GCC_WARN_UNDECLARED_SELECTOR = YES;
				GCC_WARN_UNINITIALIZED_AUTOS = YES_AGGRESSIVE;
				GCC_WARN_UNUSED_FUNCTION = YES;
				GCC_WARN_UNUSED_VARIABLE = YES;
				IPHONEOS_DEPLOYMENT_TARGET = 7.1;
				ONLY_ACTIVE_ARCH = YES;
				SDKROOT = iphoneos;
			};
			name = Debug;
		};
		8D3758691910E2AA006A3C69 /* Release */ = {
			isa = XCBuildConfiguration;
			buildSettings = {
				ALWAYS_SEARCH_USER_PATHS = NO;
				CLANG_CXX_LANGUAGE_STANDARD = "gnu++0x";
				CLANG_CXX_LIBRARY = "libc++";
				CLANG_ENABLE_MODULES = YES;
				CLANG_ENABLE_OBJC_ARC = YES;
				CLANG_WARN_BOOL_CONVERSION = YES;
				CLANG_WARN_CONSTANT_CONVERSION = YES;
				CLANG_WARN_DIRECT_OBJC_ISA_USAGE = YES_ERROR;
				CLANG_WARN_EMPTY_BODY = YES;
				CLANG_WARN_ENUM_CONVERSION = YES;
				CLANG_WARN_INT_CONVERSION = YES;
				CLANG_WARN_OBJC_ROOT_CLASS = YES_ERROR;
				CLANG_WARN__DUPLICATE_METHOD_MATCH = YES;
				"CODE_SIGN_IDENTITY[sdk=iphoneos*]" = "iPhone Developer";
				COPY_PHASE_STRIP = YES;
				ENABLE_NS_ASSERTIONS = NO;
				GCC_C_LANGUAGE_STANDARD = gnu99;
				GCC_WARN_64_TO_32_BIT_CONVERSION = YES;
				GCC_WARN_ABOUT_RETURN_TYPE = YES_ERROR;
				GCC_WARN_UNDECLARED_SELECTOR = YES;
				GCC_WARN_UNINITIALIZED_AUTOS = YES_AGGRESSIVE;
				GCC_WARN_UNUSED_FUNCTION = YES;
				GCC_WARN_UNUSED_VARIABLE = YES;
				IPHONEOS_DEPLOYMENT_TARGET = 7.1;
				SDKROOT = iphoneos;
				VALIDATE_PRODUCT = YES;
			};
			name = Release;
		};
		8D37586B1910E2AA006A3C69 /* Debug */ = {
			isa = XCBuildConfiguration;
			buildSettings = {
				ASSETCATALOG_COMPILER_APPICON_NAME = AppIcon;
				ASSETCATALOG_COMPILER_LAUNCHIMAGE_NAME = LaunchImage;
				GCC_PRECOMPILE_PREFIX_HEADER = YES;
				GCC_PREFIX_HEADER = "ex_CMMotionManager_acceleroMeter_pull/ex_CMMotionManager_acceleroMeter_pull-Prefix.pch";
				INFOPLIST_FILE = "ex_CMMotionManager_acceleroMeter_pull/ex_CMMotionManager_acceleroMeter_pull-Info.plist";
				PRODUCT_NAME = "$(TARGET_NAME)";
				WRAPPER_EXTENSION = app;
			};
			name = Debug;
		};
		8D37586C1910E2AA006A3C69 /* Release */ = {
			isa = XCBuildConfiguration;
			buildSettings = {
				ASSETCATALOG_COMPILER_APPICON_NAME = AppIcon;
				ASSETCATALOG_COMPILER_LAUNCHIMAGE_NAME = LaunchImage;
				GCC_PRECOMPILE_PREFIX_HEADER = YES;
				GCC_PREFIX_HEADER = "ex_CMMotionManager_acceleroMeter_pull/ex_CMMotionManager_acceleroMeter_pull-Prefix.pch";
				INFOPLIST_FILE = "ex_CMMotionManager_acceleroMeter_pull/ex_CMMotionManager_acceleroMeter_pull-Info.plist";
				PRODUCT_NAME = "$(TARGET_NAME)";
				WRAPPER_EXTENSION = app;
			};
			name = Release;
		};
		8D37586E1910E2AA006A3C69 /* Debug */ = {
			isa = XCBuildConfiguration;
			buildSettings = {
				BUNDLE_LOADER = "$(BUILT_PRODUCTS_DIR)/ex_CMMotionManager_acceleroMeter_pull.app/ex_CMMotionManager_acceleroMeter_pull";
				FRAMEWORK_SEARCH_PATHS = (
					"$(SDKROOT)/Developer/Library/Frameworks",
					"$(inherited)",
					"$(DEVELOPER_FRAMEWORKS_DIR)",
				);
				GCC_PRECOMPILE_PREFIX_HEADER = YES;
				GCC_PREFIX_HEADER = "ex_CMMotionManager_acceleroMeter_pull/ex_CMMotionManager_acceleroMeter_pull-Prefix.pch";
				GCC_PREPROCESSOR_DEFINITIONS = (
					"DEBUG=1",
					"$(inherited)",
				);
				INFOPLIST_FILE = "ex_CMMotionManager_acceleroMeter_pullTests/ex_CMMotionManager_acceleroMeter_pullTests-Info.plist";
				PRODUCT_NAME = "$(TARGET_NAME)";
				TEST_HOST = "$(BUNDLE_LOADER)";
				WRAPPER_EXTENSION = xctest;
			};
			name = Debug;
		};
		8D37586F1910E2AA006A3C69 /* Release */ = {
			isa = XCBuildConfiguration;
			buildSettings = {
				BUNDLE_LOADER = "$(BUILT_PRODUCTS_DIR)/ex_CMMotionManager_acceleroMeter_pull.app/ex_CMMotionManager_acceleroMeter_pull";
				FRAMEWORK_SEARCH_PATHS = (
					"$(SDKROOT)/Developer/Library/Frameworks",
					"$(inherited)",
					"$(DEVELOPER_FRAMEWORKS_DIR)",
				);
				GCC_PRECOMPILE_PREFIX_HEADER = YES;
				GCC_PREFIX_HEADER = "ex_CMMotionManager_acceleroMeter_pull/ex_CMMotionManager_acceleroMeter_pull-Prefix.pch";
				INFOPLIST_FILE = "ex_CMMotionManager_acceleroMeter_pullTests/ex_CMMotionManager_acceleroMeter_pullTests-Info.plist";
				PRODUCT_NAME = "$(TARGET_NAME)";
				TEST_HOST = "$(BUNDLE_LOADER)";
				WRAPPER_EXTENSION = xctest;
			};
			name = Release;
		};
/* End XCBuildConfiguration section */

/* Begin XCConfigurationList section */
		8D3758331910E2AA006A3C69 /* Build configuration list for PBXProject "ex_CMMotionManager_acceleroMeter_pull" */ = {
			isa = XCConfigurationList;
			buildConfigurations = (
				8D3758681910E2AA006A3C69 /* Debug */,
				8D3758691910E2AA006A3C69 /* Release */,
			);
			defaultConfigurationIsVisible = 0;
			defaultConfigurationName = Release;
		};
		8D37586A1910E2AA006A3C69 /* Build configuration list for PBXNativeTarget "ex_CMMotionManager_acceleroMeter_pull" */ = {
			isa = XCConfigurationList;
			buildConfigurations = (
				8D37586B1910E2AA006A3C69 /* Debug */,
				8D37586C1910E2AA006A3C69 /* Release */,
			);
			defaultConfigurationIsVisible = 0;
		};
		8D37586D1910E2AA006A3C69 /* Build configuration list for PBXNativeTarget "ex_CMMotionManager_acceleroMeter_pullTests" */ = {
			isa = XCConfigurationList;
			buildConfigurations = (
				8D37586E1910E2AA006A3C69 /* Debug */,
				8D37586F1910E2AA006A3C69 /* Release */,
			);
			defaultConfigurationIsVisible = 0;
		};
/* End XCConfigurationList section */
	};
	rootObject = 8D3758301910E2AA006A3C69 /* Project object */;
}
