// !$*UTF8*$!
{
	archiveVersion = 1;
	classes = {
	};
	objectVersion = 46;
	objects = {

/* Begin PBXBuildFile section */
		8DCAE00A19120D30003DA3F7 /* Foundation.framework in Frameworks */ = {isa = PBXBuildFile; fileRef = 8DCAE00919120D30003DA3F7 /* Foundation.framework */; };
		8DCAE00C19120D30003DA3F7 /* CoreGraphics.framework in Frameworks */ = {isa = PBXBuildFile; fileRef = 8DCAE00B19120D30003DA3F7 /* CoreGraphics.framework */; };
		8DCAE00E19120D30003DA3F7 /* UIKit.framework in Frameworks */ = {isa = PBXBuildFile; fileRef = 8DCAE00D19120D30003DA3F7 /* UIKit.framework */; };
		8DCAE01419120D30003DA3F7 /* InfoPlist.strings in Resources */ = {isa = PBXBuildFile; fileRef = 8DCAE01219120D30003DA3F7 /* InfoPlist.strings */; };
		8DCAE01619120D30003DA3F7 /* main.m in Sources */ = {isa = PBXBuildFile; fileRef = 8DCAE01519120D30003DA3F7 /* main.m */; };
		8DCAE01A19120D30003DA3F7 /* AppDelegate.m in Sources */ = {isa = PBXBuildFile; fileRef = 8DCAE01919120D30003DA3F7 /* AppDelegate.m */; };
		8DCAE01D19120D30003DA3F7 /* Main.storyboard in Resources */ = {isa = PBXBuildFile; fileRef = 8DCAE01B19120D30003DA3F7 /* Main.storyboard */; };
		8DCAE02019120D30003DA3F7 /* ViewController.m in Sources */ = {isa = PBXBuildFile; fileRef = 8DCAE01F19120D30003DA3F7 /* ViewController.m */; };
		8DCAE02219120D30003DA3F7 /* Images.xcassets in Resources */ = {isa = PBXBuildFile; fileRef = 8DCAE02119120D30003DA3F7 /* Images.xcassets */; };
		8DCAE02919120D30003DA3F7 /* XCTest.framework in Frameworks */ = {isa = PBXBuildFile; fileRef = 8DCAE02819120D30003DA3F7 /* XCTest.framework */; };
		8DCAE02A19120D30003DA3F7 /* Foundation.framework in Frameworks */ = {isa = PBXBuildFile; fileRef = 8DCAE00919120D30003DA3F7 /* Foundation.framework */; };
		8DCAE02B19120D30003DA3F7 /* UIKit.framework in Frameworks */ = {isa = PBXBuildFile; fileRef = 8DCAE00D19120D30003DA3F7 /* UIKit.framework */; };
		8DCAE03319120D31003DA3F7 /* InfoPlist.strings in Resources */ = {isa = PBXBuildFile; fileRef = 8DCAE03119120D31003DA3F7 /* InfoPlist.strings */; };
		8DCAE03519120D31003DA3F7 /* ex_CoreLocationTests.m in Sources */ = {isa = PBXBuildFile; fileRef = 8DCAE03419120D31003DA3F7 /* ex_CoreLocationTests.m */; };
		8DCAE03F19120FB4003DA3F7 /* arrow.png in Resources */ = {isa = PBXBuildFile; fileRef = 8DCAE03E19120FB4003DA3F7 /* arrow.png */; };
		8DCAE04119121237003DA3F7 /* CoreLocation.framework in Frameworks */ = {isa = PBXBuildFile; fileRef = 8DCAE04019121237003DA3F7 /* CoreLocation.framework */; };
/* End PBXBuildFile section */

/* Begin PBXContainerItemProxy section */
		8DCAE02C19120D31003DA3F7 /* PBXContainerItemProxy */ = {
			isa = PBXContainerItemProxy;
			containerPortal = 8DCADFFE19120D30003DA3F7 /* Project object */;
			proxyType = 1;
			remoteGlobalIDString = 8DCAE00519120D30003DA3F7;
			remoteInfo = ex_CoreLocation;
		};
/* End PBXContainerItemProxy section */

/* Begin PBXFileReference section */
		8DCAE00619120D30003DA3F7 /* ex_CoreLocation.app */ = {isa = PBXFileReference; explicitFileType = wrapper.application; includeInIndex = 0; path = ex_CoreLocation.app; sourceTree = BUILT_PRODUCTS_DIR; };
		8DCAE00919120D30003DA3F7 /* Foundation.framework */ = {isa = PBXFileReference; lastKnownFileType = wrapper.framework; name = Foundation.framework; path = System/Library/Frameworks/Foundation.framework; sourceTree = SDKROOT; };
		8DCAE00B19120D30003DA3F7 /* CoreGraphics.framework */ = {isa = PBXFileReference; lastKnownFileType = wrapper.framework; name = CoreGraphics.framework; path = System/Library/Frameworks/CoreGraphics.framework; sourceTree = SDKROOT; };
		8DCAE00D19120D30003DA3F7 /* UIKit.framework */ = {isa = PBXFileReference; lastKnownFileType = wrapper.framework; name = UIKit.framework; path = System/Library/Frameworks/UIKit.framework; sourceTree = SDKROOT; };
		8DCAE01119120D30003DA3F7 /* ex_CoreLocation-Info.plist */ = {isa = PBXFileReference; lastKnownFileType = text.plist.xml; path = "ex_CoreLocation-Info.plist"; sourceTree = "<group>"; };
		8DCAE01319120D30003DA3F7 /* en */ = {isa = PBXFileReference; lastKnownFileType = text.plist.strings; name = en; path = en.lproj/InfoPlist.strings; sourceTree = "<group>"; };
		8DCAE01519120D30003DA3F7 /* main.m */ = {isa = PBXFileReference; lastKnownFileType = sourcecode.c.objc; path = main.m; sourceTree = "<group>"; };
		8DCAE01719120D30003DA3F7 /* ex_CoreLocation-Prefix.pch */ = {isa = PBXFileReference; lastKnownFileType = sourcecode.c.h; path = "ex_CoreLocation-Prefix.pch"; sourceTree = "<group>"; };
		8DCAE01819120D30003DA3F7 /* AppDelegate.h */ = {isa = PBXFileReference; lastKnownFileType = sourcecode.c.h; path = AppDelegate.h; sourceTree = "<group>"; };
		8DCAE01919120D30003DA3F7 /* AppDelegate.m */ = {isa = PBXFileReference; lastKnownFileType = sourcecode.c.objc; path = AppDelegate.m; sourceTree = "<group>"; };
		8DCAE01C19120D30003DA3F7 /* Base */ = {isa = PBXFileReference; lastKnownFileType = file.storyboard; name = Base; path = Base.lproj/Main.storyboard; sourceTree = "<group>"; };
		8DCAE01E19120D30003DA3F7 /* ViewController.h */ = {isa = PBXFileReference; lastKnownFileType = sourcecode.c.h; path = ViewController.h; sourceTree = "<group>"; };
		8DCAE01F19120D30003DA3F7 /* ViewController.m */ = {isa = PBXFileReference; lastKnownFileType = sourcecode.c.objc; path = ViewController.m; sourceTree = "<group>"; };
		8DCAE02119120D30003DA3F7 /* Images.xcassets */ = {isa = PBXFileReference; lastKnownFileType = folder.assetcatalog; path = Images.xcassets; sourceTree = "<group>"; };
		8DCAE02719120D30003DA3F7 /* ex_CoreLocationTests.xctest */ = {isa = PBXFileReference; explicitFileType = wrapper.cfbundle; includeInIndex = 0; path = ex_CoreLocationTests.xctest; sourceTree = BUILT_PRODUCTS_DIR; };
		8DCAE02819120D30003DA3F7 /* XCTest.framework */ = {isa = PBXFileReference; lastKnownFileType = wrapper.framework; name = XCTest.framework; path = Library/Frameworks/XCTest.framework; sourceTree = DEVELOPER_DIR; };
		8DCAE03019120D31003DA3F7 /* ex_CoreLocationTests-Info.plist */ = {isa = PBXFileReference; lastKnownFileType = text.plist.xml; path = "ex_CoreLocationTests-Info.plist"; sourceTree = "<group>"; };
		8DCAE03219120D31003DA3F7 /* en */ = {isa = PBXFileReference; lastKnownFileType = text.plist.strings; name = en; path = en.lproj/InfoPlist.strings; sourceTree = "<group>"; };
		8DCAE03419120D31003DA3F7 /* ex_CoreLocationTests.m */ = {isa = PBXFileReference; lastKnownFileType = sourcecode.c.objc; path = ex_CoreLocationTests.m; sourceTree = "<group>"; };
		8DCAE03E19120FB4003DA3F7 /* arrow.png */ = {isa = PBXFileReference; lastKnownFileType = image.png; path = arrow.png; sourceTree = "<group>"; };
		8DCAE04019121237003DA3F7 /* CoreLocation.framework */ = {isa = PBXFileReference; lastKnownFileType = wrapper.framework; name = CoreLocation.framework; path = System/Library/Frameworks/CoreLocation.framework; sourceTree = SDKROOT; };
/* End PBXFileReference section */

/* Begin PBXFrameworksBuildPhase section */
		8DCAE00319120D30003DA3F7 /* Frameworks */ = {
			isa = PBXFrameworksBuildPhase;
			buildActionMask = 2147483647;
			files = (
				8DCAE04119121237003DA3F7 /* CoreLocation.framework in Frameworks */,
				8DCAE00C19120D30003DA3F7 /* CoreGraphics.framework in Frameworks */,
				8DCAE00E19120D30003DA3F7 /* UIKit.framework in Frameworks */,
				8DCAE00A19120D30003DA3F7 /* Foundation.framework in Frameworks */,
			);
			runOnlyForDeploymentPostprocessing = 0;
		};
		8DCAE02419120D30003DA3F7 /* Frameworks */ = {
			isa = PBXFrameworksBuildPhase;
			buildActionMask = 2147483647;
			files = (
				8DCAE02919120D30003DA3F7 /* XCTest.framework in Frameworks */,
				8DCAE02B19120D30003DA3F7 /* UIKit.framework in Frameworks */,
				8DCAE02A19120D30003DA3F7 /* Foundation.framework in Frameworks */,
			);
			runOnlyForDeploymentPostprocessing = 0;
		};
/* End PBXFrameworksBuildPhase section */

/* Begin PBXGroup section */
		8DCADFFD19120D30003DA3F7 = {
			isa = PBXGroup;
			children = (
				8DCAE00F19120D30003DA3F7 /* ex_CoreLocation */,
				8DCAE02E19120D31003DA3F7 /* ex_CoreLocationTests */,
				8DCAE00819120D30003DA3F7 /* Frameworks */,
				8DCAE00719120D30003DA3F7 /* Products */,
			);
			sourceTree = "<group>";
		};
		8DCAE00719120D30003DA3F7 /* Products */ = {
			isa = PBXGroup;
			children = (
				8DCAE00619120D30003DA3F7 /* ex_CoreLocation.app */,
				8DCAE02719120D30003DA3F7 /* ex_CoreLocationTests.xctest */,
			);
			name = Products;
			sourceTree = "<group>";
		};
		8DCAE00819120D30003DA3F7 /* Frameworks */ = {
			isa = PBXGroup;
			children = (
				8DCAE04019121237003DA3F7 /* CoreLocation.framework */,
				8DCAE00919120D30003DA3F7 /* Foundation.framework */,
				8DCAE00B19120D30003DA3F7 /* CoreGraphics.framework */,
				8DCAE00D19120D30003DA3F7 /* UIKit.framework */,
				8DCAE02819120D30003DA3F7 /* XCTest.framework */,
			);
			name = Frameworks;
			sourceTree = "<group>";
		};
		8DCAE00F19120D30003DA3F7 /* ex_CoreLocation */ = {
			isa = PBXGroup;
			children = (
				8DCAE01819120D30003DA3F7 /* AppDelegate.h */,
				8DCAE01919120D30003DA3F7 /* AppDelegate.m */,
				8DCAE01B19120D30003DA3F7 /* Main.storyboard */,
				8DCAE01E19120D30003DA3F7 /* ViewController.h */,
				8DCAE01F19120D30003DA3F7 /* ViewController.m */,
				8DCAE03E19120FB4003DA3F7 /* arrow.png */,
				8DCAE02119120D30003DA3F7 /* Images.xcassets */,
				8DCAE01019120D30003DA3F7 /* Supporting Files */,
			);
			path = ex_CoreLocation;
			sourceTree = "<group>";
		};
		8DCAE01019120D30003DA3F7 /* Supporting Files */ = {
			isa = PBXGroup;
			children = (
				8DCAE01119120D30003DA3F7 /* ex_CoreLocation-Info.plist */,
				8DCAE01219120D30003DA3F7 /* InfoPlist.strings */,
				8DCAE01519120D30003DA3F7 /* main.m */,
				8DCAE01719120D30003DA3F7 /* ex_CoreLocation-Prefix.pch */,
			);
			name = "Supporting Files";
			sourceTree = "<group>";
		};
		8DCAE02E19120D31003DA3F7 /* ex_CoreLocationTests */ = {
			isa = PBXGroup;
			children = (
				8DCAE03419120D31003DA3F7 /* ex_CoreLocationTests.m */,
				8DCAE02F19120D31003DA3F7 /* Supporting Files */,
			);
			path = ex_CoreLocationTests;
			sourceTree = "<group>";
		};
		8DCAE02F19120D31003DA3F7 /* Supporting Files */ = {
			isa = PBXGroup;
			children = (
				8DCAE03019120D31003DA3F7 /* ex_CoreLocationTests-Info.plist */,
				8DCAE03119120D31003DA3F7 /* InfoPlist.strings */,
			);
			name = "Supporting Files";
			sourceTree = "<group>";
		};
/* End PBXGroup section */

/* Begin PBXNativeTarget section */
		8DCAE00519120D30003DA3F7 /* ex_CoreLocation */ = {
			isa = PBXNativeTarget;
			buildConfigurationList = 8DCAE03819120D31003DA3F7 /* Build configuration list for PBXNativeTarget "ex_CoreLocation" */;
			buildPhases = (
				8DCAE00219120D30003DA3F7 /* Sources */,
				8DCAE00319120D30003DA3F7 /* Frameworks */,
				8DCAE00419120D30003DA3F7 /* Resources */,
			);
			buildRules = (
			);
			dependencies = (
			);
			name = ex_CoreLocation;
			productName = ex_CoreLocation;
			productReference = 8DCAE00619120D30003DA3F7 /* ex_CoreLocation.app */;
			productType = "com.apple.product-type.application";
		};
		8DCAE02619120D30003DA3F7 /* ex_CoreLocationTests */ = {
			isa = PBXNativeTarget;
			buildConfigurationList = 8DCAE03B19120D31003DA3F7 /* Build configuration list for PBXNativeTarget "ex_CoreLocationTests" */;
			buildPhases = (
				8DCAE02319120D30003DA3F7 /* Sources */,
				8DCAE02419120D30003DA3F7 /* Frameworks */,
				8DCAE02519120D30003DA3F7 /* Resources */,
			);
			buildRules = (
			);
			dependencies = (
				8DCAE02D19120D31003DA3F7 /* PBXTargetDependency */,
			);
			name = ex_CoreLocationTests;
			productName = ex_CoreLocationTests;
			productReference = 8DCAE02719120D30003DA3F7 /* ex_CoreLocationTests.xctest */;
			productType = "com.apple.product-type.bundle.unit-test";
		};
/* End PBXNativeTarget section */

/* Begin PBXProject section */
		8DCADFFE19120D30003DA3F7 /* Project object */ = {
			isa = PBXProject;
			attributes = {
				LastUpgradeCheck = 0510;
				ORGANIZATIONNAME = "___FULLUSERNAME___";
				TargetAttributes = {
					8DCAE02619120D30003DA3F7 = {
						TestTargetID = 8DCAE00519120D30003DA3F7;
					};
				};
			};
			buildConfigurationList = 8DCAE00119120D30003DA3F7 /* Build configuration list for PBXProject "ex_CoreLocation" */;
			compatibilityVersion = "Xcode 3.2";
			developmentRegion = English;
			hasScannedForEncodings = 0;
			knownRegions = (
				en,
				Base,
			);
			mainGroup = 8DCADFFD19120D30003DA3F7;
			productRefGroup = 8DCAE00719120D30003DA3F7 /* Products */;
			projectDirPath = "";
			projectRoot = "";
			targets = (
				8DCAE00519120D30003DA3F7 /* ex_CoreLocation */,
				8DCAE02619120D30003DA3F7 /* ex_CoreLocationTests */,
			);
		};
/* End PBXProject section */

/* Begin PBXResourcesBuildPhase section */
		8DCAE00419120D30003DA3F7 /* Resources */ = {
			isa = PBXResourcesBuildPhase;
			buildActionMask = 2147483647;
			files = (
				8DCAE02219120D30003DA3F7 /* Images.xcassets in Resources */,
				8DCAE01419120D30003DA3F7 /* InfoPlist.strings in Resources */,
				8DCAE01D19120D30003DA3F7 /* Main.storyboard in Resources */,
				8DCAE03F19120FB4003DA3F7 /* arrow.png in Resources */,
			);
			runOnlyForDeploymentPostprocessing = 0;
		};
		8DCAE02519120D30003DA3F7 /* Resources */ = {
			isa = PBXResourcesBuildPhase;
			buildActionMask = 2147483647;
			files = (
				8DCAE03319120D31003DA3F7 /* InfoPlist.strings in Resources */,
			);
			runOnlyForDeploymentPostprocessing = 0;
		};
/* End PBXResourcesBuildPhase section */

/* Begin PBXSourcesBuildPhase section */
		8DCAE00219120D30003DA3F7 /* Sources */ = {
			isa = PBXSourcesBuildPhase;
			buildActionMask = 2147483647;
			files = (
				8DCAE02019120D30003DA3F7 /* ViewController.m in Sources */,
				8DCAE01A19120D30003DA3F7 /* AppDelegate.m in Sources */,
				8DCAE01619120D30003DA3F7 /* main.m in Sources */,
			);
			runOnlyForDeploymentPostprocessing = 0;
		};
		8DCAE02319120D30003DA3F7 /* Sources */ = {
			isa = PBXSourcesBuildPhase;
			buildActionMask = 2147483647;
			files = (
				8DCAE03519120D31003DA3F7 /* ex_CoreLocationTests.m in Sources */,
			);
			runOnlyForDeploymentPostprocessing = 0;
		};
/* End PBXSourcesBuildPhase section */

/* Begin PBXTargetDependency section */
		8DCAE02D19120D31003DA3F7 /* PBXTargetDependency */ = {
			isa = PBXTargetDependency;
			target = 8DCAE00519120D30003DA3F7 /* ex_CoreLocation */;
			targetProxy = 8DCAE02C19120D31003DA3F7 /* PBXContainerItemProxy */;
		};
/* End PBXTargetDependency section */

/* Begin PBXVariantGroup section */
		8DCAE01219120D30003DA3F7 /* InfoPlist.strings */ = {
			isa = PBXVariantGroup;
			children = (
				8DCAE01319120D30003DA3F7 /* en */,
			);
			name = InfoPlist.strings;
			sourceTree = "<group>";
		};
		8DCAE01B19120D30003DA3F7 /* Main.storyboard */ = {
			isa = PBXVariantGroup;
			children = (
				8DCAE01C19120D30003DA3F7 /* Base */,
			);
			name = Main.storyboard;
			sourceTree = "<group>";
		};
		8DCAE03119120D31003DA3F7 /* InfoPlist.strings */ = {
			isa = PBXVariantGroup;
			children = (
				8DCAE03219120D31003DA3F7 /* en */,
			);
			name = InfoPlist.strings;
			sourceTree = "<group>";
		};
/* End PBXVariantGroup section */

/* Begin XCBuildConfiguration section */
		8DCAE03619120D31003DA3F7 /* Debug */ = {
			isa = XCBuildConfiguration;
			buildSettings = {
				ALWAYS_SEARCH_USER_PATHS = NO;
				CLANG_CXX_LANGUAGE_STANDARD = "gnu++0x";
				CLANG_CXX_LIBRARY = "libc++";
				CLANG_ENABLE_MODULES = YES;
				CLANG_ENABLE_OBJC_ARC = YES;
				CLANG_WARN_BOOL_CONVERSION = YES;
				CLANG_WARN_CONSTANT_CONVERSION = YES;
				CLANG_WARN_DIRECT_OBJC_ISA_USAGE = YES_ERROR;
				CLANG_WARN_EMPTY_BODY = YES;
				CLANG_WARN_ENUM_CONVERSION = YES;
				CLANG_WARN_INT_CONVERSION = YES;
				CLANG_WARN_OBJC_ROOT_CLASS = YES_ERROR;
				CLANG_WARN__DUPLICATE_METHOD_MATCH = YES;
				"CODE_SIGN_IDENTITY[sdk=iphoneos*]" = "iPhone Developer";
				COPY_PHASE_STRIP = NO;
				GCC_C_LANGUAGE_STANDARD = gnu99;
				GCC_DYNAMIC_NO_PIC = NO;
				GCC_OPTIMIZATION_LEVEL = 0;
				GCC_PREPROCESSOR_DEFINITIONS = (
					"DEBUG=1",
					"$(inherited)",
				);
				GCC_SYMBOLS_PRIVATE_EXTERN = NO;
				GCC_WARN_64_TO_32_BIT_CONVERSION = YES;
				GCC_WARN_ABOUT_RETURN_TYPE = YES_ERROR;
				GCC_WARN_UNDECLARED_SELECTOR = YES;
				GCC_WARN_UNINITIALIZED_AUTOS = YES_AGGRESSIVE;
				GCC_WARN_UNUSED_FUNCTION = YES;
				GCC_WARN_UNUSED_VARIABLE = YES;
				IPHONEOS_DEPLOYMENT_TARGET = 7.1;
				ONLY_ACTIVE_ARCH = YES;
				SDKROOT = iphoneos;
			};
			name = Debug;
		};
		8DCAE03719120D31003DA3F7 /* Release */ = {
			isa = XCBuildConfiguration;
			buildSettings = {
				ALWAYS_SEARCH_USER_PATHS = NO;
				CLANG_CXX_LANGUAGE_STANDARD = "gnu++0x";
				CLANG_CXX_LIBRARY = "libc++";
				CLANG_ENABLE_MODULES = YES;
				CLANG_ENABLE_OBJC_ARC = YES;
				CLANG_WARN_BOOL_CONVERSION = YES;
				CLANG_WARN_CONSTANT_CONVERSION = YES;
				CLANG_WARN_DIRECT_OBJC_ISA_USAGE = YES_ERROR;
				CLANG_WARN_EMPTY_BODY = YES;
				CLANG_WARN_ENUM_CONVERSION = YES;
				CLANG_WARN_INT_CONVERSION = YES;
				CLANG_WARN_OBJC_ROOT_CLASS = YES_ERROR;
				CLANG_WARN__DUPLICATE_METHOD_MATCH = YES;
				"CODE_SIGN_IDENTITY[sdk=iphoneos*]" = "iPhone Developer";
				COPY_PHASE_STRIP = YES;
				ENABLE_NS_ASSERTIONS = NO;
				GCC_C_LANGUAGE_STANDARD = gnu99;
				GCC_WARN_64_TO_32_BIT_CONVERSION = YES;
				GCC_WARN_ABOUT_RETURN_TYPE = YES_ERROR;
				GCC_WARN_UNDECLARED_SELECTOR = YES;
				GCC_WARN_UNINITIALIZED_AUTOS = YES_AGGRESSIVE;
				GCC_WARN_UNUSED_FUNCTION = YES;
				GCC_WARN_UNUSED_VARIABLE = YES;
				IPHONEOS_DEPLOYMENT_TARGET = 7.1;
				SDKROOT = iphoneos;
				VALIDATE_PRODUCT = YES;
			};
			name = Release;
		};
		8DCAE03919120D31003DA3F7 /* Debug */ = {
			isa = XCBuildConfiguration;
			buildSettings = {
				ASSETCATALOG_COMPILER_APPICON_NAME = AppIcon;
				ASSETCATALOG_COMPILER_LAUNCHIMAGE_NAME = LaunchImage;
				GCC_PRECOMPILE_PREFIX_HEADER = YES;
				GCC_PREFIX_HEADER = "ex_CoreLocation/ex_CoreLocation-Prefix.pch";
				INFOPLIST_FILE = "ex_CoreLocation/ex_CoreLocation-Info.plist";
				PRODUCT_NAME = "$(TARGET_NAME)";
				WRAPPER_EXTENSION = app;
			};
			name = Debug;
		};
		8DCAE03A19120D31003DA3F7 /* Release */ = {
			isa = XCBuildConfiguration;
			buildSettings = {
				ASSETCATALOG_COMPILER_APPICON_NAME = AppIcon;
				ASSETCATALOG_COMPILER_LAUNCHIMAGE_NAME = LaunchImage;
				GCC_PRECOMPILE_PREFIX_HEADER = YES;
				GCC_PREFIX_HEADER = "ex_CoreLocation/ex_CoreLocation-Prefix.pch";
				INFOPLIST_FILE = "ex_CoreLocation/ex_CoreLocation-Info.plist";
				PRODUCT_NAME = "$(TARGET_NAME)";
				WRAPPER_EXTENSION = app;
			};
			name = Release;
		};
		8DCAE03C19120D31003DA3F7 /* Debug */ = {
			isa = XCBuildConfiguration;
			buildSettings = {
				BUNDLE_LOADER = "$(BUILT_PRODUCTS_DIR)/ex_CoreLocation.app/ex_CoreLocation";
				FRAMEWORK_SEARCH_PATHS = (
					"$(SDKROOT)/Developer/Library/Frameworks",
					"$(inherited)",
					"$(DEVELOPER_FRAMEWORKS_DIR)",
				);
				GCC_PRECOMPILE_PREFIX_HEADER = YES;
				GCC_PREFIX_HEADER = "ex_CoreLocation/ex_CoreLocation-Prefix.pch";
				GCC_PREPROCESSOR_DEFINITIONS = (
					"DEBUG=1",
					"$(inherited)",
				);
				INFOPLIST_FILE = "ex_CoreLocationTests/ex_CoreLocationTests-Info.plist";
				PRODUCT_NAME = "$(TARGET_NAME)";
				TEST_HOST = "$(BUNDLE_LOADER)";
				WRAPPER_EXTENSION = xctest;
			};
			name = Debug;
		};
		8DCAE03D19120D31003DA3F7 /* Release */ = {
			isa = XCBuildConfiguration;
			buildSettings = {
				BUNDLE_LOADER = "$(BUILT_PRODUCTS_DIR)/ex_CoreLocation.app/ex_CoreLocation";
				FRAMEWORK_SEARCH_PATHS = (
					"$(SDKROOT)/Developer/Library/Frameworks",
					"$(inherited)",
					"$(DEVELOPER_FRAMEWORKS_DIR)",
				);
				GCC_PRECOMPILE_PREFIX_HEADER = YES;
				GCC_PREFIX_HEADER = "ex_CoreLocation/ex_CoreLocation-Prefix.pch";
				INFOPLIST_FILE = "ex_CoreLocationTests/ex_CoreLocationTests-Info.plist";
				PRODUCT_NAME = "$(TARGET_NAME)";
				TEST_HOST = "$(BUNDLE_LOADER)";
				WRAPPER_EXTENSION = xctest;
			};
			name = Release;
		};
/* End XCBuildConfiguration section */

/* Begin XCConfigurationList section */
		8DCAE00119120D30003DA3F7 /* Build configuration list for PBXProject "ex_CoreLocation" */ = {
			isa = XCConfigurationList;
			buildConfigurations = (
				8DCAE03619120D31003DA3F7 /* Debug */,
				8DCAE03719120D31003DA3F7 /* Release */,
			);
			defaultConfigurationIsVisible = 0;
			defaultConfigurationName = Release;
		};
		8DCAE03819120D31003DA3F7 /* Build configuration list for PBXNativeTarget "ex_CoreLocation" */ = {
			isa = XCConfigurationList;
			buildConfigurations = (
				8DCAE03919120D31003DA3F7 /* Debug */,
				8DCAE03A19120D31003DA3F7 /* Release */,
			);
			defaultConfigurationIsVisible = 0;
		};
		8DCAE03B19120D31003DA3F7 /* Build configuration list for PBXNativeTarget "ex_CoreLocationTests" */ = {
			isa = XCConfigurationList;
			buildConfigurations = (
				8DCAE03C19120D31003DA3F7 /* Debug */,
				8DCAE03D19120D31003DA3F7 /* Release */,
			);
			defaultConfigurationIsVisible = 0;
		};
/* End XCConfigurationList section */
	};
	rootObject = 8DCADFFE19120D30003DA3F7 /* Project object */;
}
