// !$*UTF8*$!
{
	archiveVersion = 1;
	classes = {
	};
	objectVersion = 46;
	objects = {

/* Begin PBXBuildFile section */
		8DBCE76A18FB837700A6EB4D /* Foundation.framework in Frameworks */ = {isa = PBXBuildFile; fileRef = 8DBCE76918FB837700A6EB4D /* Foundation.framework */; };
		8DBCE76C18FB837700A6EB4D /* CoreGraphics.framework in Frameworks */ = {isa = PBXBuildFile; fileRef = 8DBCE76B18FB837700A6EB4D /* CoreGraphics.framework */; };
		8DBCE76E18FB837700A6EB4D /* UIKit.framework in Frameworks */ = {isa = PBXBuildFile; fileRef = 8DBCE76D18FB837700A6EB4D /* UIKit.framework */; };
		8DBCE77418FB837700A6EB4D /* InfoPlist.strings in Resources */ = {isa = PBXBuildFile; fileRef = 8DBCE77218FB837700A6EB4D /* InfoPlist.strings */; };
		8DBCE77618FB837700A6EB4D /* main.m in Sources */ = {isa = PBXBuildFile; fileRef = 8DBCE77518FB837700A6EB4D /* main.m */; };
		8DBCE77A18FB837700A6EB4D /* AppDelegate.m in Sources */ = {isa = PBXBuildFile; fileRef = 8DBCE77918FB837700A6EB4D /* AppDelegate.m */; };
		8DBCE77D18FB837700A6EB4D /* Main.storyboard in Resources */ = {isa = PBXBuildFile; fileRef = 8DBCE77B18FB837700A6EB4D /* Main.storyboard */; };
		8DBCE78018FB837700A6EB4D /* ViewController.m in Sources */ = {isa = PBXBuildFile; fileRef = 8DBCE77F18FB837700A6EB4D /* ViewController.m */; };
		8DBCE78218FB837700A6EB4D /* Images.xcassets in Resources */ = {isa = PBXBuildFile; fileRef = 8DBCE78118FB837700A6EB4D /* Images.xcassets */; };
		8DBCE78918FB837700A6EB4D /* XCTest.framework in Frameworks */ = {isa = PBXBuildFile; fileRef = 8DBCE78818FB837700A6EB4D /* XCTest.framework */; };
		8DBCE78A18FB837700A6EB4D /* Foundation.framework in Frameworks */ = {isa = PBXBuildFile; fileRef = 8DBCE76918FB837700A6EB4D /* Foundation.framework */; };
		8DBCE78B18FB837700A6EB4D /* UIKit.framework in Frameworks */ = {isa = PBXBuildFile; fileRef = 8DBCE76D18FB837700A6EB4D /* UIKit.framework */; };
		8DBCE79318FB837700A6EB4D /* InfoPlist.strings in Resources */ = {isa = PBXBuildFile; fileRef = 8DBCE79118FB837700A6EB4D /* InfoPlist.strings */; };
		8DBCE79518FB837700A6EB4D /* ex_NSUserDefaultsTests.m in Sources */ = {isa = PBXBuildFile; fileRef = 8DBCE79418FB837700A6EB4D /* ex_NSUserDefaultsTests.m */; };
/* End PBXBuildFile section */

/* Begin PBXContainerItemProxy section */
		8DBCE78C18FB837700A6EB4D /* PBXContainerItemProxy */ = {
			isa = PBXContainerItemProxy;
			containerPortal = 8DBCE75E18FB837700A6EB4D /* Project object */;
			proxyType = 1;
			remoteGlobalIDString = 8DBCE76518FB837700A6EB4D;
			remoteInfo = ex_NSUserDefaults;
		};
/* End PBXContainerItemProxy section */

/* Begin PBXFileReference section */
		8DBCE76618FB837700A6EB4D /* ex_NSUserDefaults.app */ = {isa = PBXFileReference; explicitFileType = wrapper.application; includeInIndex = 0; path = ex_NSUserDefaults.app; sourceTree = BUILT_PRODUCTS_DIR; };
		8DBCE76918FB837700A6EB4D /* Foundation.framework */ = {isa = PBXFileReference; lastKnownFileType = wrapper.framework; name = Foundation.framework; path = System/Library/Frameworks/Foundation.framework; sourceTree = SDKROOT; };
		8DBCE76B18FB837700A6EB4D /* CoreGraphics.framework */ = {isa = PBXFileReference; lastKnownFileType = wrapper.framework; name = CoreGraphics.framework; path = System/Library/Frameworks/CoreGraphics.framework; sourceTree = SDKROOT; };
		8DBCE76D18FB837700A6EB4D /* UIKit.framework */ = {isa = PBXFileReference; lastKnownFileType = wrapper.framework; name = UIKit.framework; path = System/Library/Frameworks/UIKit.framework; sourceTree = SDKROOT; };
		8DBCE77118FB837700A6EB4D /* ex_NSUserDefaults-Info.plist */ = {isa = PBXFileReference; lastKnownFileType = text.plist.xml; path = "ex_NSUserDefaults-Info.plist"; sourceTree = "<group>"; };
		8DBCE77318FB837700A6EB4D /* en */ = {isa = PBXFileReference; lastKnownFileType = text.plist.strings; name = en; path = en.lproj/InfoPlist.strings; sourceTree = "<group>"; };
		8DBCE77518FB837700A6EB4D /* main.m */ = {isa = PBXFileReference; lastKnownFileType = sourcecode.c.objc; path = main.m; sourceTree = "<group>"; };
		8DBCE77718FB837700A6EB4D /* ex_NSUserDefaults-Prefix.pch */ = {isa = PBXFileReference; lastKnownFileType = sourcecode.c.h; path = "ex_NSUserDefaults-Prefix.pch"; sourceTree = "<group>"; };
		8DBCE77818FB837700A6EB4D /* AppDelegate.h */ = {isa = PBXFileReference; lastKnownFileType = sourcecode.c.h; path = AppDelegate.h; sourceTree = "<group>"; };
		8DBCE77918FB837700A6EB4D /* AppDelegate.m */ = {isa = PBXFileReference; lastKnownFileType = sourcecode.c.objc; path = AppDelegate.m; sourceTree = "<group>"; };
		8DBCE77C18FB837700A6EB4D /* Base */ = {isa = PBXFileReference; lastKnownFileType = file.storyboard; name = Base; path = Base.lproj/Main.storyboard; sourceTree = "<group>"; };
		8DBCE77E18FB837700A6EB4D /* ViewController.h */ = {isa = PBXFileReference; lastKnownFileType = sourcecode.c.h; path = ViewController.h; sourceTree = "<group>"; };
		8DBCE77F18FB837700A6EB4D /* ViewController.m */ = {isa = PBXFileReference; lastKnownFileType = sourcecode.c.objc; path = ViewController.m; sourceTree = "<group>"; };
		8DBCE78118FB837700A6EB4D /* Images.xcassets */ = {isa = PBXFileReference; lastKnownFileType = folder.assetcatalog; path = Images.xcassets; sourceTree = "<group>"; };
		8DBCE78718FB837700A6EB4D /* ex_NSUserDefaultsTests.xctest */ = {isa = PBXFileReference; explicitFileType = wrapper.cfbundle; includeInIndex = 0; path = ex_NSUserDefaultsTests.xctest; sourceTree = BUILT_PRODUCTS_DIR; };
		8DBCE78818FB837700A6EB4D /* XCTest.framework */ = {isa = PBXFileReference; lastKnownFileType = wrapper.framework; name = XCTest.framework; path = Library/Frameworks/XCTest.framework; sourceTree = DEVELOPER_DIR; };
		8DBCE79018FB837700A6EB4D /* ex_NSUserDefaultsTests-Info.plist */ = {isa = PBXFileReference; lastKnownFileType = text.plist.xml; path = "ex_NSUserDefaultsTests-Info.plist"; sourceTree = "<group>"; };
		8DBCE79218FB837700A6EB4D /* en */ = {isa = PBXFileReference; lastKnownFileType = text.plist.strings; name = en; path = en.lproj/InfoPlist.strings; sourceTree = "<group>"; };
		8DBCE79418FB837700A6EB4D /* ex_NSUserDefaultsTests.m */ = {isa = PBXFileReference; lastKnownFileType = sourcecode.c.objc; path = ex_NSUserDefaultsTests.m; sourceTree = "<group>"; };
/* End PBXFileReference section */

/* Begin PBXFrameworksBuildPhase section */
		8DBCE76318FB837700A6EB4D /* Frameworks */ = {
			isa = PBXFrameworksBuildPhase;
			buildActionMask = 2147483647;
			files = (
				8DBCE76C18FB837700A6EB4D /* CoreGraphics.framework in Frameworks */,
				8DBCE76E18FB837700A6EB4D /* UIKit.framework in Frameworks */,
				8DBCE76A18FB837700A6EB4D /* Foundation.framework in Frameworks */,
			);
			runOnlyForDeploymentPostprocessing = 0;
		};
		8DBCE78418FB837700A6EB4D /* Frameworks */ = {
			isa = PBXFrameworksBuildPhase;
			buildActionMask = 2147483647;
			files = (
				8DBCE78918FB837700A6EB4D /* XCTest.framework in Frameworks */,
				8DBCE78B18FB837700A6EB4D /* UIKit.framework in Frameworks */,
				8DBCE78A18FB837700A6EB4D /* Foundation.framework in Frameworks */,
			);
			runOnlyForDeploymentPostprocessing = 0;
		};
/* End PBXFrameworksBuildPhase section */

/* Begin PBXGroup section */
		8DBCE75D18FB837700A6EB4D = {
			isa = PBXGroup;
			children = (
				8DBCE76F18FB837700A6EB4D /* ex_NSUserDefaults */,
				8DBCE78E18FB837700A6EB4D /* ex_NSUserDefaultsTests */,
				8DBCE76818FB837700A6EB4D /* Frameworks */,
				8DBCE76718FB837700A6EB4D /* Products */,
			);
			sourceTree = "<group>";
		};
		8DBCE76718FB837700A6EB4D /* Products */ = {
			isa = PBXGroup;
			children = (
				8DBCE76618FB837700A6EB4D /* ex_NSUserDefaults.app */,
				8DBCE78718FB837700A6EB4D /* ex_NSUserDefaultsTests.xctest */,
			);
			name = Products;
			sourceTree = "<group>";
		};
		8DBCE76818FB837700A6EB4D /* Frameworks */ = {
			isa = PBXGroup;
			children = (
				8DBCE76918FB837700A6EB4D /* Foundation.framework */,
				8DBCE76B18FB837700A6EB4D /* CoreGraphics.framework */,
				8DBCE76D18FB837700A6EB4D /* UIKit.framework */,
				8DBCE78818FB837700A6EB4D /* XCTest.framework */,
			);
			name = Frameworks;
			sourceTree = "<group>";
		};
		8DBCE76F18FB837700A6EB4D /* ex_NSUserDefaults */ = {
			isa = PBXGroup;
			children = (
				8DBCE77818FB837700A6EB4D /* AppDelegate.h */,
				8DBCE77918FB837700A6EB4D /* AppDelegate.m */,
				8DBCE77B18FB837700A6EB4D /* Main.storyboard */,
				8DBCE77E18FB837700A6EB4D /* ViewController.h */,
				8DBCE77F18FB837700A6EB4D /* ViewController.m */,
				8DBCE78118FB837700A6EB4D /* Images.xcassets */,
				8DBCE77018FB837700A6EB4D /* Supporting Files */,
			);
			path = ex_NSUserDefaults;
			sourceTree = "<group>";
		};
		8DBCE77018FB837700A6EB4D /* Supporting Files */ = {
			isa = PBXGroup;
			children = (
				8DBCE77118FB837700A6EB4D /* ex_NSUserDefaults-Info.plist */,
				8DBCE77218FB837700A6EB4D /* InfoPlist.strings */,
				8DBCE77518FB837700A6EB4D /* main.m */,
				8DBCE77718FB837700A6EB4D /* ex_NSUserDefaults-Prefix.pch */,
			);
			name = "Supporting Files";
			sourceTree = "<group>";
		};
		8DBCE78E18FB837700A6EB4D /* ex_NSUserDefaultsTests */ = {
			isa = PBXGroup;
			children = (
				8DBCE79418FB837700A6EB4D /* ex_NSUserDefaultsTests.m */,
				8DBCE78F18FB837700A6EB4D /* Supporting Files */,
			);
			path = ex_NSUserDefaultsTests;
			sourceTree = "<group>";
		};
		8DBCE78F18FB837700A6EB4D /* Supporting Files */ = {
			isa = PBXGroup;
			children = (
				8DBCE79018FB837700A6EB4D /* ex_NSUserDefaultsTests-Info.plist */,
				8DBCE79118FB837700A6EB4D /* InfoPlist.strings */,
			);
			name = "Supporting Files";
			sourceTree = "<group>";
		};
/* End PBXGroup section */

/* Begin PBXNativeTarget section */
		8DBCE76518FB837700A6EB4D /* ex_NSUserDefaults */ = {
			isa = PBXNativeTarget;
			buildConfigurationList = 8DBCE79818FB837700A6EB4D /* Build configuration list for PBXNativeTarget "ex_NSUserDefaults" */;
			buildPhases = (
				8DBCE76218FB837700A6EB4D /* Sources */,
				8DBCE76318FB837700A6EB4D /* Frameworks */,
				8DBCE76418FB837700A6EB4D /* Resources */,
			);
			buildRules = (
			);
			dependencies = (
			);
			name = ex_NSUserDefaults;
			productName = ex_NSUserDefaults;
			productReference = 8DBCE76618FB837700A6EB4D /* ex_NSUserDefaults.app */;
			productType = "com.apple.product-type.application";
		};
		8DBCE78618FB837700A6EB4D /* ex_NSUserDefaultsTests */ = {
			isa = PBXNativeTarget;
			buildConfigurationList = 8DBCE79B18FB837700A6EB4D /* Build configuration list for PBXNativeTarget "ex_NSUserDefaultsTests" */;
			buildPhases = (
				8DBCE78318FB837700A6EB4D /* Sources */,
				8DBCE78418FB837700A6EB4D /* Frameworks */,
				8DBCE78518FB837700A6EB4D /* Resources */,
			);
			buildRules = (
			);
			dependencies = (
				8DBCE78D18FB837700A6EB4D /* PBXTargetDependency */,
			);
			name = ex_NSUserDefaultsTests;
			productName = ex_NSUserDefaultsTests;
			productReference = 8DBCE78718FB837700A6EB4D /* ex_NSUserDefaultsTests.xctest */;
			productType = "com.apple.product-type.bundle.unit-test";
		};
/* End PBXNativeTarget section */

/* Begin PBXProject section */
		8DBCE75E18FB837700A6EB4D /* Project object */ = {
			isa = PBXProject;
			attributes = {
				LastUpgradeCheck = 0510;
				ORGANIZATIONNAME = "___FULLUSERNAME___";
				TargetAttributes = {
					8DBCE78618FB837700A6EB4D = {
						TestTargetID = 8DBCE76518FB837700A6EB4D;
					};
				};
			};
			buildConfigurationList = 8DBCE76118FB837700A6EB4D /* Build configuration list for PBXProject "ex_NSUserDefaults" */;
			compatibilityVersion = "Xcode 3.2";
			developmentRegion = English;
			hasScannedForEncodings = 0;
			knownRegions = (
				en,
				Base,
			);
			mainGroup = 8DBCE75D18FB837700A6EB4D;
			productRefGroup = 8DBCE76718FB837700A6EB4D /* Products */;
			projectDirPath = "";
			projectRoot = "";
			targets = (
				8DBCE76518FB837700A6EB4D /* ex_NSUserDefaults */,
				8DBCE78618FB837700A6EB4D /* ex_NSUserDefaultsTests */,
			);
		};
/* End PBXProject section */

/* Begin PBXResourcesBuildPhase section */
		8DBCE76418FB837700A6EB4D /* Resources */ = {
			isa = PBXResourcesBuildPhase;
			buildActionMask = 2147483647;
			files = (
				8DBCE78218FB837700A6EB4D /* Images.xcassets in Resources */,
				8DBCE77418FB837700A6EB4D /* InfoPlist.strings in Resources */,
				8DBCE77D18FB837700A6EB4D /* Main.storyboard in Resources */,
			);
			runOnlyForDeploymentPostprocessing = 0;
		};
		8DBCE78518FB837700A6EB4D /* Resources */ = {
			isa = PBXResourcesBuildPhase;
			buildActionMask = 2147483647;
			files = (
				8DBCE79318FB837700A6EB4D /* InfoPlist.strings in Resources */,
			);
			runOnlyForDeploymentPostprocessing = 0;
		};
/* End PBXResourcesBuildPhase section */

/* Begin PBXSourcesBuildPhase section */
		8DBCE76218FB837700A6EB4D /* Sources */ = {
			isa = PBXSourcesBuildPhase;
			buildActionMask = 2147483647;
			files = (
				8DBCE78018FB837700A6EB4D /* ViewController.m in Sources */,
				8DBCE77A18FB837700A6EB4D /* AppDelegate.m in Sources */,
				8DBCE77618FB837700A6EB4D /* main.m in Sources */,
			);
			runOnlyForDeploymentPostprocessing = 0;
		};
		8DBCE78318FB837700A6EB4D /* Sources */ = {
			isa = PBXSourcesBuildPhase;
			buildActionMask = 2147483647;
			files = (
				8DBCE79518FB837700A6EB4D /* ex_NSUserDefaultsTests.m in Sources */,
			);
			runOnlyForDeploymentPostprocessing = 0;
		};
/* End PBXSourcesBuildPhase section */

/* Begin PBXTargetDependency section */
		8DBCE78D18FB837700A6EB4D /* PBXTargetDependency */ = {
			isa = PBXTargetDependency;
			target = 8DBCE76518FB837700A6EB4D /* ex_NSUserDefaults */;
			targetProxy = 8DBCE78C18FB837700A6EB4D /* PBXContainerItemProxy */;
		};
/* End PBXTargetDependency section */

/* Begin PBXVariantGroup section */
		8DBCE77218FB837700A6EB4D /* InfoPlist.strings */ = {
			isa = PBXVariantGroup;
			children = (
				8DBCE77318FB837700A6EB4D /* en */,
			);
			name = InfoPlist.strings;
			sourceTree = "<group>";
		};
		8DBCE77B18FB837700A6EB4D /* Main.storyboard */ = {
			isa = PBXVariantGroup;
			children = (
				8DBCE77C18FB837700A6EB4D /* Base */,
			);
			name = Main.storyboard;
			sourceTree = "<group>";
		};
		8DBCE79118FB837700A6EB4D /* InfoPlist.strings */ = {
			isa = PBXVariantGroup;
			children = (
				8DBCE79218FB837700A6EB4D /* en */,
			);
			name = InfoPlist.strings;
			sourceTree = "<group>";
		};
/* End PBXVariantGroup section */

/* Begin XCBuildConfiguration section */
		8DBCE79618FB837700A6EB4D /* Debug */ = {
			isa = XCBuildConfiguration;
			buildSettings = {
				ALWAYS_SEARCH_USER_PATHS = NO;
				CLANG_CXX_LANGUAGE_STANDARD = "gnu++0x";
				CLANG_CXX_LIBRARY = "libc++";
				CLANG_ENABLE_MODULES = YES;
				CLANG_ENABLE_OBJC_ARC = YES;
				CLANG_WARN_BOOL_CONVERSION = YES;
				CLANG_WARN_CONSTANT_CONVERSION = YES;
				CLANG_WARN_DIRECT_OBJC_ISA_USAGE = YES_ERROR;
				CLANG_WARN_EMPTY_BODY = YES;
				CLANG_WARN_ENUM_CONVERSION = YES;
				CLANG_WARN_INT_CONVERSION = YES;
				CLANG_WARN_OBJC_ROOT_CLASS = YES_ERROR;
				CLANG_WARN__DUPLICATE_METHOD_MATCH = YES;
				"CODE_SIGN_IDENTITY[sdk=iphoneos*]" = "iPhone Developer";
				COPY_PHASE_STRIP = NO;
				GCC_C_LANGUAGE_STANDARD = gnu99;
				GCC_DYNAMIC_NO_PIC = NO;
				GCC_OPTIMIZATION_LEVEL = 0;
				GCC_PREPROCESSOR_DEFINITIONS = (
					"DEBUG=1",
					"$(inherited)",
				);
				GCC_SYMBOLS_PRIVATE_EXTERN = NO;
				GCC_WARN_64_TO_32_BIT_CONVERSION = YES;
				GCC_WARN_ABOUT_RETURN_TYPE = YES_ERROR;
				GCC_WARN_UNDECLARED_SELECTOR = YES;
				GCC_WARN_UNINITIALIZED_AUTOS = YES_AGGRESSIVE;
				GCC_WARN_UNUSED_FUNCTION = YES;
				GCC_WARN_UNUSED_VARIABLE = YES;
				IPHONEOS_DEPLOYMENT_TARGET = 7.1;
				ONLY_ACTIVE_ARCH = YES;
				SDKROOT = iphoneos;
			};
			name = Debug;
		};
		8DBCE79718FB837700A6EB4D /* Release */ = {
			isa = XCBuildConfiguration;
			buildSettings = {
				ALWAYS_SEARCH_USER_PATHS = NO;
				CLANG_CXX_LANGUAGE_STANDARD = "gnu++0x";
				CLANG_CXX_LIBRARY = "libc++";
				CLANG_ENABLE_MODULES = YES;
				CLANG_ENABLE_OBJC_ARC = YES;
				CLANG_WARN_BOOL_CONVERSION = YES;
				CLANG_WARN_CONSTANT_CONVERSION = YES;
				CLANG_WARN_DIRECT_OBJC_ISA_USAGE = YES_ERROR;
				CLANG_WARN_EMPTY_BODY = YES;
				CLANG_WARN_ENUM_CONVERSION = YES;
				CLANG_WARN_INT_CONVERSION = YES;
				CLANG_WARN_OBJC_ROOT_CLASS = YES_ERROR;
				CLANG_WARN__DUPLICATE_METHOD_MATCH = YES;
				"CODE_SIGN_IDENTITY[sdk=iphoneos*]" = "iPhone Developer";
				COPY_PHASE_STRIP = YES;
				ENABLE_NS_ASSERTIONS = NO;
				GCC_C_LANGUAGE_STANDARD = gnu99;
				GCC_WARN_64_TO_32_BIT_CONVERSION = YES;
				GCC_WARN_ABOUT_RETURN_TYPE = YES_ERROR;
				GCC_WARN_UNDECLARED_SELECTOR = YES;
				GCC_WARN_UNINITIALIZED_AUTOS = YES_AGGRESSIVE;
				GCC_WARN_UNUSED_FUNCTION = YES;
				GCC_WARN_UNUSED_VARIABLE = YES;
				IPHONEOS_DEPLOYMENT_TARGET = 7.1;
				SDKROOT = iphoneos;
				VALIDATE_PRODUCT = YES;
			};
			name = Release;
		};
		8DBCE79918FB837700A6EB4D /* Debug */ = {
			isa = XCBuildConfiguration;
			buildSettings = {
				ASSETCATALOG_COMPILER_APPICON_NAME = AppIcon;
				ASSETCATALOG_COMPILER_LAUNCHIMAGE_NAME = LaunchImage;
				GCC_PRECOMPILE_PREFIX_HEADER = YES;
				GCC_PREFIX_HEADER = "ex_NSUserDefaults/ex_NSUserDefaults-Prefix.pch";
				INFOPLIST_FILE = "ex_NSUserDefaults/ex_NSUserDefaults-Info.plist";
				PRODUCT_NAME = "$(TARGET_NAME)";
				WRAPPER_EXTENSION = app;
			};
			name = Debug;
		};
		8DBCE79A18FB837700A6EB4D /* Release */ = {
			isa = XCBuildConfiguration;
			buildSettings = {
				ASSETCATALOG_COMPILER_APPICON_NAME = AppIcon;
				ASSETCATALOG_COMPILER_LAUNCHIMAGE_NAME = LaunchImage;
				GCC_PRECOMPILE_PREFIX_HEADER = YES;
				GCC_PREFIX_HEADER = "ex_NSUserDefaults/ex_NSUserDefaults-Prefix.pch";
				INFOPLIST_FILE = "ex_NSUserDefaults/ex_NSUserDefaults-Info.plist";
				PRODUCT_NAME = "$(TARGET_NAME)";
				WRAPPER_EXTENSION = app;
			};
			name = Release;
		};
		8DBCE79C18FB837700A6EB4D /* Debug */ = {
			isa = XCBuildConfiguration;
			buildSettings = {
				BUNDLE_LOADER = "$(BUILT_PRODUCTS_DIR)/ex_NSUserDefaults.app/ex_NSUserDefaults";
				FRAMEWORK_SEARCH_PATHS = (
					"$(SDKROOT)/Developer/Library/Frameworks",
					"$(inherited)",
					"$(DEVELOPER_FRAMEWORKS_DIR)",
				);
				GCC_PRECOMPILE_PREFIX_HEADER = YES;
				GCC_PREFIX_HEADER = "ex_NSUserDefaults/ex_NSUserDefaults-Prefix.pch";
				GCC_PREPROCESSOR_DEFINITIONS = (
					"DEBUG=1",
					"$(inherited)",
				);
				INFOPLIST_FILE = "ex_NSUserDefaultsTests/ex_NSUserDefaultsTests-Info.plist";
				PRODUCT_NAME = "$(TARGET_NAME)";
				TEST_HOST = "$(BUNDLE_LOADER)";
				WRAPPER_EXTENSION = xctest;
			};
			name = Debug;
		};
		8DBCE79D18FB837700A6EB4D /* Release */ = {
			isa = XCBuildConfiguration;
			buildSettings = {
				BUNDLE_LOADER = "$(BUILT_PRODUCTS_DIR)/ex_NSUserDefaults.app/ex_NSUserDefaults";
				FRAMEWORK_SEARCH_PATHS = (
					"$(SDKROOT)/Developer/Library/Frameworks",
					"$(inherited)",
					"$(DEVELOPER_FRAMEWORKS_DIR)",
				);
				GCC_PRECOMPILE_PREFIX_HEADER = YES;
				GCC_PREFIX_HEADER = "ex_NSUserDefaults/ex_NSUserDefaults-Prefix.pch";
				INFOPLIST_FILE = "ex_NSUserDefaultsTests/ex_NSUserDefaultsTests-Info.plist";
				PRODUCT_NAME = "$(TARGET_NAME)";
				TEST_HOST = "$(BUNDLE_LOADER)";
				WRAPPER_EXTENSION = xctest;
			};
			name = Release;
		};
/* End XCBuildConfiguration section */

/* Begin XCConfigurationList section */
		8DBCE76118FB837700A6EB4D /* Build configuration list for PBXProject "ex_NSUserDefaults" */ = {
			isa = XCConfigurationList;
			buildConfigurations = (
				8DBCE79618FB837700A6EB4D /* Debug */,
				8DBCE79718FB837700A6EB4D /* Release */,
			);
			defaultConfigurationIsVisible = 0;
			defaultConfigurationName = Release;
		};
		8DBCE79818FB837700A6EB4D /* Build configuration list for PBXNativeTarget "ex_NSUserDefaults" */ = {
			isa = XCConfigurationList;
			buildConfigurations = (
				8DBCE79918FB837700A6EB4D /* Debug */,
				8DBCE79A18FB837700A6EB4D /* Release */,
			);
			defaultConfigurationIsVisible = 0;
		};
		8DBCE79B18FB837700A6EB4D /* Build configuration list for PBXNativeTarget "ex_NSUserDefaultsTests" */ = {
			isa = XCConfigurationList;
			buildConfigurations = (
				8DBCE79C18FB837700A6EB4D /* Debug */,
				8DBCE79D18FB837700A6EB4D /* Release */,
			);
			defaultConfigurationIsVisible = 0;
		};
/* End XCConfigurationList section */
	};
	rootObject = 8DBCE75E18FB837700A6EB4D /* Project object */;
}
