// !$*UTF8*$!
{
	archiveVersion = 1;
	classes = {
	};
	objectVersion = 46;
	objects = {

/* Begin PBXBuildFile section */
		8D6C794118EE6CC700485AC1 /* Foundation.framework in Frameworks */ = {isa = PBXBuildFile; fileRef = 8D6C794018EE6CC700485AC1 /* Foundation.framework */; };
		8D6C794318EE6CC700485AC1 /* CoreGraphics.framework in Frameworks */ = {isa = PBXBuildFile; fileRef = 8D6C794218EE6CC700485AC1 /* CoreGraphics.framework */; };
		8D6C794518EE6CC700485AC1 /* UIKit.framework in Frameworks */ = {isa = PBXBuildFile; fileRef = 8D6C794418EE6CC700485AC1 /* UIKit.framework */; };
		8D6C794B18EE6CC700485AC1 /* InfoPlist.strings in Resources */ = {isa = PBXBuildFile; fileRef = 8D6C794918EE6CC700485AC1 /* InfoPlist.strings */; };
		8D6C794D18EE6CC700485AC1 /* main.m in Sources */ = {isa = PBXBuildFile; fileRef = 8D6C794C18EE6CC700485AC1 /* main.m */; };
		8D6C795118EE6CC700485AC1 /* AppDelegate.m in Sources */ = {isa = PBXBuildFile; fileRef = 8D6C795018EE6CC700485AC1 /* AppDelegate.m */; };
		8D6C795418EE6CC700485AC1 /* Main.storyboard in Resources */ = {isa = PBXBuildFile; fileRef = 8D6C795218EE6CC700485AC1 /* Main.storyboard */; };
		8D6C795718EE6CC700485AC1 /* ViewController.m in Sources */ = {isa = PBXBuildFile; fileRef = 8D6C795618EE6CC700485AC1 /* ViewController.m */; };
		8D6C795918EE6CC700485AC1 /* Images.xcassets in Resources */ = {isa = PBXBuildFile; fileRef = 8D6C795818EE6CC700485AC1 /* Images.xcassets */; };
		8D6C796018EE6CC700485AC1 /* XCTest.framework in Frameworks */ = {isa = PBXBuildFile; fileRef = 8D6C795F18EE6CC700485AC1 /* XCTest.framework */; };
		8D6C796118EE6CC700485AC1 /* Foundation.framework in Frameworks */ = {isa = PBXBuildFile; fileRef = 8D6C794018EE6CC700485AC1 /* Foundation.framework */; };
		8D6C796218EE6CC700485AC1 /* UIKit.framework in Frameworks */ = {isa = PBXBuildFile; fileRef = 8D6C794418EE6CC700485AC1 /* UIKit.framework */; };
		8D6C796A18EE6CC700485AC1 /* InfoPlist.strings in Resources */ = {isa = PBXBuildFile; fileRef = 8D6C796818EE6CC700485AC1 /* InfoPlist.strings */; };
		8D6C796C18EE6CC700485AC1 /* ex_sender_tagTests.m in Sources */ = {isa = PBXBuildFile; fileRef = 8D6C796B18EE6CC700485AC1 /* ex_sender_tagTests.m */; };
/* End PBXBuildFile section */

/* Begin PBXContainerItemProxy section */
		8D6C796318EE6CC700485AC1 /* PBXContainerItemProxy */ = {
			isa = PBXContainerItemProxy;
			containerPortal = 8D6C793518EE6CC700485AC1 /* Project object */;
			proxyType = 1;
			remoteGlobalIDString = 8D6C793C18EE6CC700485AC1;
			remoteInfo = ex_sender_tag;
		};
/* End PBXContainerItemProxy section */

/* Begin PBXFileReference section */
		8D6C793D18EE6CC700485AC1 /* ex_sender_tag.app */ = {isa = PBXFileReference; explicitFileType = wrapper.application; includeInIndex = 0; path = ex_sender_tag.app; sourceTree = BUILT_PRODUCTS_DIR; };
		8D6C794018EE6CC700485AC1 /* Foundation.framework */ = {isa = PBXFileReference; lastKnownFileType = wrapper.framework; name = Foundation.framework; path = System/Library/Frameworks/Foundation.framework; sourceTree = SDKROOT; };
		8D6C794218EE6CC700485AC1 /* CoreGraphics.framework */ = {isa = PBXFileReference; lastKnownFileType = wrapper.framework; name = CoreGraphics.framework; path = System/Library/Frameworks/CoreGraphics.framework; sourceTree = SDKROOT; };
		8D6C794418EE6CC700485AC1 /* UIKit.framework */ = {isa = PBXFileReference; lastKnownFileType = wrapper.framework; name = UIKit.framework; path = System/Library/Frameworks/UIKit.framework; sourceTree = SDKROOT; };
		8D6C794818EE6CC700485AC1 /* ex_sender_tag-Info.plist */ = {isa = PBXFileReference; lastKnownFileType = text.plist.xml; path = "ex_sender_tag-Info.plist"; sourceTree = "<group>"; };
		8D6C794A18EE6CC700485AC1 /* en */ = {isa = PBXFileReference; lastKnownFileType = text.plist.strings; name = en; path = en.lproj/InfoPlist.strings; sourceTree = "<group>"; };
		8D6C794C18EE6CC700485AC1 /* main.m */ = {isa = PBXFileReference; lastKnownFileType = sourcecode.c.objc; path = main.m; sourceTree = "<group>"; };
		8D6C794E18EE6CC700485AC1 /* ex_sender_tag-Prefix.pch */ = {isa = PBXFileReference; lastKnownFileType = sourcecode.c.h; path = "ex_sender_tag-Prefix.pch"; sourceTree = "<group>"; };
		8D6C794F18EE6CC700485AC1 /* AppDelegate.h */ = {isa = PBXFileReference; lastKnownFileType = sourcecode.c.h; path = AppDelegate.h; sourceTree = "<group>"; };
		8D6C795018EE6CC700485AC1 /* AppDelegate.m */ = {isa = PBXFileReference; lastKnownFileType = sourcecode.c.objc; path = AppDelegate.m; sourceTree = "<group>"; };
		8D6C795318EE6CC700485AC1 /* Base */ = {isa = PBXFileReference; lastKnownFileType = file.storyboard; name = Base; path = Base.lproj/Main.storyboard; sourceTree = "<group>"; };
		8D6C795518EE6CC700485AC1 /* ViewController.h */ = {isa = PBXFileReference; lastKnownFileType = sourcecode.c.h; path = ViewController.h; sourceTree = "<group>"; };
		8D6C795618EE6CC700485AC1 /* ViewController.m */ = {isa = PBXFileReference; lastKnownFileType = sourcecode.c.objc; path = ViewController.m; sourceTree = "<group>"; };
		8D6C795818EE6CC700485AC1 /* Images.xcassets */ = {isa = PBXFileReference; lastKnownFileType = folder.assetcatalog; path = Images.xcassets; sourceTree = "<group>"; };
		8D6C795E18EE6CC700485AC1 /* ex_sender_tagTests.xctest */ = {isa = PBXFileReference; explicitFileType = wrapper.cfbundle; includeInIndex = 0; path = ex_sender_tagTests.xctest; sourceTree = BUILT_PRODUCTS_DIR; };
		8D6C795F18EE6CC700485AC1 /* XCTest.framework */ = {isa = PBXFileReference; lastKnownFileType = wrapper.framework; name = XCTest.framework; path = Library/Frameworks/XCTest.framework; sourceTree = DEVELOPER_DIR; };
		8D6C796718EE6CC700485AC1 /* ex_sender_tagTests-Info.plist */ = {isa = PBXFileReference; lastKnownFileType = text.plist.xml; path = "ex_sender_tagTests-Info.plist"; sourceTree = "<group>"; };
		8D6C796918EE6CC700485AC1 /* en */ = {isa = PBXFileReference; lastKnownFileType = text.plist.strings; name = en; path = en.lproj/InfoPlist.strings; sourceTree = "<group>"; };
		8D6C796B18EE6CC700485AC1 /* ex_sender_tagTests.m */ = {isa = PBXFileReference; lastKnownFileType = sourcecode.c.objc; path = ex_sender_tagTests.m; sourceTree = "<group>"; };
/* End PBXFileReference section */

/* Begin PBXFrameworksBuildPhase section */
		8D6C793A18EE6CC700485AC1 /* Frameworks */ = {
			isa = PBXFrameworksBuildPhase;
			buildActionMask = 2147483647;
			files = (
				8D6C794318EE6CC700485AC1 /* CoreGraphics.framework in Frameworks */,
				8D6C794518EE6CC700485AC1 /* UIKit.framework in Frameworks */,
				8D6C794118EE6CC700485AC1 /* Foundation.framework in Frameworks */,
			);
			runOnlyForDeploymentPostprocessing = 0;
		};
		8D6C795B18EE6CC700485AC1 /* Frameworks */ = {
			isa = PBXFrameworksBuildPhase;
			buildActionMask = 2147483647;
			files = (
				8D6C796018EE6CC700485AC1 /* XCTest.framework in Frameworks */,
				8D6C796218EE6CC700485AC1 /* UIKit.framework in Frameworks */,
				8D6C796118EE6CC700485AC1 /* Foundation.framework in Frameworks */,
			);
			runOnlyForDeploymentPostprocessing = 0;
		};
/* End PBXFrameworksBuildPhase section */

/* Begin PBXGroup section */
		8D6C793418EE6CC700485AC1 = {
			isa = PBXGroup;
			children = (
				8D6C794618EE6CC700485AC1 /* ex_sender_tag */,
				8D6C796518EE6CC700485AC1 /* ex_sender_tagTests */,
				8D6C793F18EE6CC700485AC1 /* Frameworks */,
				8D6C793E18EE6CC700485AC1 /* Products */,
			);
			sourceTree = "<group>";
		};
		8D6C793E18EE6CC700485AC1 /* Products */ = {
			isa = PBXGroup;
			children = (
				8D6C793D18EE6CC700485AC1 /* ex_sender_tag.app */,
				8D6C795E18EE6CC700485AC1 /* ex_sender_tagTests.xctest */,
			);
			name = Products;
			sourceTree = "<group>";
		};
		8D6C793F18EE6CC700485AC1 /* Frameworks */ = {
			isa = PBXGroup;
			children = (
				8D6C794018EE6CC700485AC1 /* Foundation.framework */,
				8D6C794218EE6CC700485AC1 /* CoreGraphics.framework */,
				8D6C794418EE6CC700485AC1 /* UIKit.framework */,
				8D6C795F18EE6CC700485AC1 /* XCTest.framework */,
			);
			name = Frameworks;
			sourceTree = "<group>";
		};
		8D6C794618EE6CC700485AC1 /* ex_sender_tag */ = {
			isa = PBXGroup;
			children = (
				8D6C794F18EE6CC700485AC1 /* AppDelegate.h */,
				8D6C795018EE6CC700485AC1 /* AppDelegate.m */,
				8D6C795218EE6CC700485AC1 /* Main.storyboard */,
				8D6C795518EE6CC700485AC1 /* ViewController.h */,
				8D6C795618EE6CC700485AC1 /* ViewController.m */,
				8D6C795818EE6CC700485AC1 /* Images.xcassets */,
				8D6C794718EE6CC700485AC1 /* Supporting Files */,
			);
			path = ex_sender_tag;
			sourceTree = "<group>";
		};
		8D6C794718EE6CC700485AC1 /* Supporting Files */ = {
			isa = PBXGroup;
			children = (
				8D6C794818EE6CC700485AC1 /* ex_sender_tag-Info.plist */,
				8D6C794918EE6CC700485AC1 /* InfoPlist.strings */,
				8D6C794C18EE6CC700485AC1 /* main.m */,
				8D6C794E18EE6CC700485AC1 /* ex_sender_tag-Prefix.pch */,
			);
			name = "Supporting Files";
			sourceTree = "<group>";
		};
		8D6C796518EE6CC700485AC1 /* ex_sender_tagTests */ = {
			isa = PBXGroup;
			children = (
				8D6C796B18EE6CC700485AC1 /* ex_sender_tagTests.m */,
				8D6C796618EE6CC700485AC1 /* Supporting Files */,
			);
			path = ex_sender_tagTests;
			sourceTree = "<group>";
		};
		8D6C796618EE6CC700485AC1 /* Supporting Files */ = {
			isa = PBXGroup;
			children = (
				8D6C796718EE6CC700485AC1 /* ex_sender_tagTests-Info.plist */,
				8D6C796818EE6CC700485AC1 /* InfoPlist.strings */,
			);
			name = "Supporting Files";
			sourceTree = "<group>";
		};
/* End PBXGroup section */

/* Begin PBXNativeTarget section */
		8D6C793C18EE6CC700485AC1 /* ex_sender_tag */ = {
			isa = PBXNativeTarget;
			buildConfigurationList = 8D6C796F18EE6CC700485AC1 /* Build configuration list for PBXNativeTarget "ex_sender_tag" */;
			buildPhases = (
				8D6C793918EE6CC700485AC1 /* Sources */,
				8D6C793A18EE6CC700485AC1 /* Frameworks */,
				8D6C793B18EE6CC700485AC1 /* Resources */,
			);
			buildRules = (
			);
			dependencies = (
			);
			name = ex_sender_tag;
			productName = ex_sender_tag;
			productReference = 8D6C793D18EE6CC700485AC1 /* ex_sender_tag.app */;
			productType = "com.apple.product-type.application";
		};
		8D6C795D18EE6CC700485AC1 /* ex_sender_tagTests */ = {
			isa = PBXNativeTarget;
			buildConfigurationList = 8D6C797218EE6CC700485AC1 /* Build configuration list for PBXNativeTarget "ex_sender_tagTests" */;
			buildPhases = (
				8D6C795A18EE6CC700485AC1 /* Sources */,
				8D6C795B18EE6CC700485AC1 /* Frameworks */,
				8D6C795C18EE6CC700485AC1 /* Resources */,
			);
			buildRules = (
			);
			dependencies = (
				8D6C796418EE6CC700485AC1 /* PBXTargetDependency */,
			);
			name = ex_sender_tagTests;
			productName = ex_sender_tagTests;
			productReference = 8D6C795E18EE6CC700485AC1 /* ex_sender_tagTests.xctest */;
			productType = "com.apple.product-type.bundle.unit-test";
		};
/* End PBXNativeTarget section */

/* Begin PBXProject section */
		8D6C793518EE6CC700485AC1 /* Project object */ = {
			isa = PBXProject;
			attributes = {
				LastUpgradeCheck = 0510;
				ORGANIZATIONNAME = "___FULLUSERNAME___";
				TargetAttributes = {
					8D6C795D18EE6CC700485AC1 = {
						TestTargetID = 8D6C793C18EE6CC700485AC1;
					};
				};
			};
			buildConfigurationList = 8D6C793818EE6CC700485AC1 /* Build configuration list for PBXProject "ex_sender_tag" */;
			compatibilityVersion = "Xcode 3.2";
			developmentRegion = English;
			hasScannedForEncodings = 0;
			knownRegions = (
				en,
				Base,
			);
			mainGroup = 8D6C793418EE6CC700485AC1;
			productRefGroup = 8D6C793E18EE6CC700485AC1 /* Products */;
			projectDirPath = "";
			projectRoot = "";
			targets = (
				8D6C793C18EE6CC700485AC1 /* ex_sender_tag */,
				8D6C795D18EE6CC700485AC1 /* ex_sender_tagTests */,
			);
		};
/* End PBXProject section */

/* Begin PBXResourcesBuildPhase section */
		8D6C793B18EE6CC700485AC1 /* Resources */ = {
			isa = PBXResourcesBuildPhase;
			buildActionMask = 2147483647;
			files = (
				8D6C795918EE6CC700485AC1 /* Images.xcassets in Resources */,
				8D6C794B18EE6CC700485AC1 /* InfoPlist.strings in Resources */,
				8D6C795418EE6CC700485AC1 /* Main.storyboard in Resources */,
			);
			runOnlyForDeploymentPostprocessing = 0;
		};
		8D6C795C18EE6CC700485AC1 /* Resources */ = {
			isa = PBXResourcesBuildPhase;
			buildActionMask = 2147483647;
			files = (
				8D6C796A18EE6CC700485AC1 /* InfoPlist.strings in Resources */,
			);
			runOnlyForDeploymentPostprocessing = 0;
		};
/* End PBXResourcesBuildPhase section */

/* Begin PBXSourcesBuildPhase section */
		8D6C793918EE6CC700485AC1 /* Sources */ = {
			isa = PBXSourcesBuildPhase;
			buildActionMask = 2147483647;
			files = (
				8D6C795718EE6CC700485AC1 /* ViewController.m in Sources */,
				8D6C795118EE6CC700485AC1 /* AppDelegate.m in Sources */,
				8D6C794D18EE6CC700485AC1 /* main.m in Sources */,
			);
			runOnlyForDeploymentPostprocessing = 0;
		};
		8D6C795A18EE6CC700485AC1 /* Sources */ = {
			isa = PBXSourcesBuildPhase;
			buildActionMask = 2147483647;
			files = (
				8D6C796C18EE6CC700485AC1 /* ex_sender_tagTests.m in Sources */,
			);
			runOnlyForDeploymentPostprocessing = 0;
		};
/* End PBXSourcesBuildPhase section */

/* Begin PBXTargetDependency section */
		8D6C796418EE6CC700485AC1 /* PBXTargetDependency */ = {
			isa = PBXTargetDependency;
			target = 8D6C793C18EE6CC700485AC1 /* ex_sender_tag */;
			targetProxy = 8D6C796318EE6CC700485AC1 /* PBXContainerItemProxy */;
		};
/* End PBXTargetDependency section */

/* Begin PBXVariantGroup section */
		8D6C794918EE6CC700485AC1 /* InfoPlist.strings */ = {
			isa = PBXVariantGroup;
			children = (
				8D6C794A18EE6CC700485AC1 /* en */,
			);
			name = InfoPlist.strings;
			sourceTree = "<group>";
		};
		8D6C795218EE6CC700485AC1 /* Main.storyboard */ = {
			isa = PBXVariantGroup;
			children = (
				8D6C795318EE6CC700485AC1 /* Base */,
			);
			name = Main.storyboard;
			sourceTree = "<group>";
		};
		8D6C796818EE6CC700485AC1 /* InfoPlist.strings */ = {
			isa = PBXVariantGroup;
			children = (
				8D6C796918EE6CC700485AC1 /* en */,
			);
			name = InfoPlist.strings;
			sourceTree = "<group>";
		};
/* End PBXVariantGroup section */

/* Begin XCBuildConfiguration section */
		8D6C796D18EE6CC700485AC1 /* Debug */ = {
			isa = XCBuildConfiguration;
			buildSettings = {
				ALWAYS_SEARCH_USER_PATHS = NO;
				CLANG_CXX_LANGUAGE_STANDARD = "gnu++0x";
				CLANG_CXX_LIBRARY = "libc++";
				CLANG_ENABLE_MODULES = YES;
				CLANG_ENABLE_OBJC_ARC = YES;
				CLANG_WARN_BOOL_CONVERSION = YES;
				CLANG_WARN_CONSTANT_CONVERSION = YES;
				CLANG_WARN_DIRECT_OBJC_ISA_USAGE = YES_ERROR;
				CLANG_WARN_EMPTY_BODY = YES;
				CLANG_WARN_ENUM_CONVERSION = YES;
				CLANG_WARN_INT_CONVERSION = YES;
				CLANG_WARN_OBJC_ROOT_CLASS = YES_ERROR;
				CLANG_WARN__DUPLICATE_METHOD_MATCH = YES;
				"CODE_SIGN_IDENTITY[sdk=iphoneos*]" = "iPhone Developer";
				COPY_PHASE_STRIP = NO;
				GCC_C_LANGUAGE_STANDARD = gnu99;
				GCC_DYNAMIC_NO_PIC = NO;
				GCC_OPTIMIZATION_LEVEL = 0;
				GCC_PREPROCESSOR_DEFINITIONS = (
					"DEBUG=1",
					"$(inherited)",
				);
				GCC_SYMBOLS_PRIVATE_EXTERN = NO;
				GCC_WARN_64_TO_32_BIT_CONVERSION = YES;
				GCC_WARN_ABOUT_RETURN_TYPE = YES_ERROR;
				GCC_WARN_UNDECLARED_SELECTOR = YES;
				GCC_WARN_UNINITIALIZED_AUTOS = YES_AGGRESSIVE;
				GCC_WARN_UNUSED_FUNCTION = YES;
				GCC_WARN_UNUSED_VARIABLE = YES;
				IPHONEOS_DEPLOYMENT_TARGET = 7.1;
				ONLY_ACTIVE_ARCH = YES;
				SDKROOT = iphoneos;
			};
			name = Debug;
		};
		8D6C796E18EE6CC700485AC1 /* Release */ = {
			isa = XCBuildConfiguration;
			buildSettings = {
				ALWAYS_SEARCH_USER_PATHS = NO;
				CLANG_CXX_LANGUAGE_STANDARD = "gnu++0x";
				CLANG_CXX_LIBRARY = "libc++";
				CLANG_ENABLE_MODULES = YES;
				CLANG_ENABLE_OBJC_ARC = YES;
				CLANG_WARN_BOOL_CONVERSION = YES;
				CLANG_WARN_CONSTANT_CONVERSION = YES;
				CLANG_WARN_DIRECT_OBJC_ISA_USAGE = YES_ERROR;
				CLANG_WARN_EMPTY_BODY = YES;
				CLANG_WARN_ENUM_CONVERSION = YES;
				CLANG_WARN_INT_CONVERSION = YES;
				CLANG_WARN_OBJC_ROOT_CLASS = YES_ERROR;
				CLANG_WARN__DUPLICATE_METHOD_MATCH = YES;
				"CODE_SIGN_IDENTITY[sdk=iphoneos*]" = "iPhone Developer";
				COPY_PHASE_STRIP = YES;
				ENABLE_NS_ASSERTIONS = NO;
				GCC_C_LANGUAGE_STANDARD = gnu99;
				GCC_WARN_64_TO_32_BIT_CONVERSION = YES;
				GCC_WARN_ABOUT_RETURN_TYPE = YES_ERROR;
				GCC_WARN_UNDECLARED_SELECTOR = YES;
				GCC_WARN_UNINITIALIZED_AUTOS = YES_AGGRESSIVE;
				GCC_WARN_UNUSED_FUNCTION = YES;
				GCC_WARN_UNUSED_VARIABLE = YES;
				IPHONEOS_DEPLOYMENT_TARGET = 7.1;
				SDKROOT = iphoneos;
				VALIDATE_PRODUCT = YES;
			};
			name = Release;
		};
		8D6C797018EE6CC700485AC1 /* Debug */ = {
			isa = XCBuildConfiguration;
			buildSettings = {
				ASSETCATALOG_COMPILER_APPICON_NAME = AppIcon;
				ASSETCATALOG_COMPILER_LAUNCHIMAGE_NAME = LaunchImage;
				GCC_PRECOMPILE_PREFIX_HEADER = YES;
				GCC_PREFIX_HEADER = "ex_sender_tag/ex_sender_tag-Prefix.pch";
				INFOPLIST_FILE = "ex_sender_tag/ex_sender_tag-Info.plist";
				PRODUCT_NAME = "$(TARGET_NAME)";
				WRAPPER_EXTENSION = app;
			};
			name = Debug;
		};
		8D6C797118EE6CC700485AC1 /* Release */ = {
			isa = XCBuildConfiguration;
			buildSettings = {
				ASSETCATALOG_COMPILER_APPICON_NAME = AppIcon;
				ASSETCATALOG_COMPILER_LAUNCHIMAGE_NAME = LaunchImage;
				GCC_PRECOMPILE_PREFIX_HEADER = YES;
				GCC_PREFIX_HEADER = "ex_sender_tag/ex_sender_tag-Prefix.pch";
				INFOPLIST_FILE = "ex_sender_tag/ex_sender_tag-Info.plist";
				PRODUCT_NAME = "$(TARGET_NAME)";
				WRAPPER_EXTENSION = app;
			};
			name = Release;
		};
		8D6C797318EE6CC700485AC1 /* Debug */ = {
			isa = XCBuildConfiguration;
			buildSettings = {
				BUNDLE_LOADER = "$(BUILT_PRODUCTS_DIR)/ex_sender_tag.app/ex_sender_tag";
				FRAMEWORK_SEARCH_PATHS = (
					"$(SDKROOT)/Developer/Library/Frameworks",
					"$(inherited)",
					"$(DEVELOPER_FRAMEWORKS_DIR)",
				);
				GCC_PRECOMPILE_PREFIX_HEADER = YES;
				GCC_PREFIX_HEADER = "ex_sender_tag/ex_sender_tag-Prefix.pch";
				GCC_PREPROCESSOR_DEFINITIONS = (
					"DEBUG=1",
					"$(inherited)",
				);
				INFOPLIST_FILE = "ex_sender_tagTests/ex_sender_tagTests-Info.plist";
				PRODUCT_NAME = "$(TARGET_NAME)";
				TEST_HOST = "$(BUNDLE_LOADER)";
				WRAPPER_EXTENSION = xctest;
			};
			name = Debug;
		};
		8D6C797418EE6CC700485AC1 /* Release */ = {
			isa = XCBuildConfiguration;
			buildSettings = {
				BUNDLE_LOADER = "$(BUILT_PRODUCTS_DIR)/ex_sender_tag.app/ex_sender_tag";
				FRAMEWORK_SEARCH_PATHS = (
					"$(SDKROOT)/Developer/Library/Frameworks",
					"$(inherited)",
					"$(DEVELOPER_FRAMEWORKS_DIR)",
				);
				GCC_PRECOMPILE_PREFIX_HEADER = YES;
				GCC_PREFIX_HEADER = "ex_sender_tag/ex_sender_tag-Prefix.pch";
				INFOPLIST_FILE = "ex_sender_tagTests/ex_sender_tagTests-Info.plist";
				PRODUCT_NAME = "$(TARGET_NAME)";
				TEST_HOST = "$(BUNDLE_LOADER)";
				WRAPPER_EXTENSION = xctest;
			};
			name = Release;
		};
/* End XCBuildConfiguration section */

/* Begin XCConfigurationList section */
		8D6C793818EE6CC700485AC1 /* Build configuration list for PBXProject "ex_sender_tag" */ = {
			isa = XCConfigurationList;
			buildConfigurations = (
				8D6C796D18EE6CC700485AC1 /* Debug */,
				8D6C796E18EE6CC700485AC1 /* Release */,
			);
			defaultConfigurationIsVisible = 0;
			defaultConfigurationName = Release;
		};
		8D6C796F18EE6CC700485AC1 /* Build configuration list for PBXNativeTarget "ex_sender_tag" */ = {
			isa = XCConfigurationList;
			buildConfigurations = (
				8D6C797018EE6CC700485AC1 /* Debug */,
				8D6C797118EE6CC700485AC1 /* Release */,
			);
			defaultConfigurationIsVisible = 0;
		};
		8D6C797218EE6CC700485AC1 /* Build configuration list for PBXNativeTarget "ex_sender_tagTests" */ = {
			isa = XCConfigurationList;
			buildConfigurations = (
				8D6C797318EE6CC700485AC1 /* Debug */,
				8D6C797418EE6CC700485AC1 /* Release */,
			);
			defaultConfigurationIsVisible = 0;
		};
/* End XCConfigurationList section */
	};
	rootObject = 8D6C793518EE6CC700485AC1 /* Project object */;
}
